// !$*UTF8*$!
{
	archiveVersion = 1;
	classes = {
	};
	objectVersion = 50;
	objects = {

/* Begin PBXBuildFile section */
		1F26FF11E4F88EB6D35F4BCB /* Pods_TrendAI.framework in Frameworks */ = {isa = PBXBuildFile; fileRef = 33A1943BE8E61B9A73A9BF1B /* Pods_TrendAI.framework */; };
		2E60182621E740DB00BA2009 /* UIDevice+Extension.swift in Sources */ = {isa = PBXBuildFile; fileRef = 2E60181521E740D400BA2009 /* UIDevice+Extension.swift */; };
		2E60182721E740DB00BA2009 /* Array+Extension.swift in Sources */ = {isa = PBXBuildFile; fileRef = 2E60181621E740D400BA2009 /* Array+Extension.swift */; };
		2E60182821E740DB00BA2009 /* RawRepresentable+Extension.swift in Sources */ = {isa = PBXBuildFile; fileRef = 2E60181721E740D400BA2009 /* RawRepresentable+Extension.swift */; };
		2E60182921E740DB00BA2009 /* UICollectionView+Extension.swift in Sources */ = {isa = PBXBuildFile; fileRef = 2E60181821E740D500BA2009 /* UICollectionView+Extension.swift */; };
		2E60182A21E740DB00BA2009 /* String+Extension.swift in Sources */ = {isa = PBXBuildFile; fileRef = 2E60181921E740D500BA2009 /* String+Extension.swift */; };
		2E60182B21E740DB00BA2009 /* UIViewController+Extension.swift in Sources */ = {isa = PBXBuildFile; fileRef = 2E60181A21E740D500BA2009 /* UIViewController+Extension.swift */; };
		2E60182C21E740DB00BA2009 /* Date+Extenstion.swift in Sources */ = {isa = PBXBuildFile; fileRef = 2E60181B21E740D600BA2009 /* Date+Extenstion.swift */; };
		2E60182D21E740DB00BA2009 /* Observable+Extension.swift in Sources */ = {isa = PBXBuildFile; fileRef = 2E60181C21E740D600BA2009 /* Observable+Extension.swift */; };
		2E60182E21E740DB00BA2009 /* AppDelegate+Extension.swift in Sources */ = {isa = PBXBuildFile; fileRef = 2E60181D21E740D600BA2009 /* AppDelegate+Extension.swift */; };
		2E60182F21E740DB00BA2009 /* UITableView+Extension.swift in Sources */ = {isa = PBXBuildFile; fileRef = 2E60181E21E740D700BA2009 /* UITableView+Extension.swift */; };
		2E60183021E740DB00BA2009 /* TimeInterval+Extension.swift in Sources */ = {isa = PBXBuildFile; fileRef = 2E60181F21E740D700BA2009 /* TimeInterval+Extension.swift */; };
		2E60183121E740DB00BA2009 /* UIImagePickerController+RxSwift.swift in Sources */ = {isa = PBXBuildFile; fileRef = 2E60182021E740D800BA2009 /* UIImagePickerController+RxSwift.swift */; };
		2E60183221E740DB00BA2009 /* UIView+Extension.swift in Sources */ = {isa = PBXBuildFile; fileRef = 2E60182121E740D800BA2009 /* UIView+Extension.swift */; };
		2E60183321E740DB00BA2009 /* UILabel+Extension.swift in Sources */ = {isa = PBXBuildFile; fileRef = 2E60182221E740D800BA2009 /* UILabel+Extension.swift */; };
		2E60183421E740DB00BA2009 /* UITextField+Extension.swift in Sources */ = {isa = PBXBuildFile; fileRef = 2E60182321E740D900BA2009 /* UITextField+Extension.swift */; };
		2E60183521E740DB00BA2009 /* UITextView+Extension.swift in Sources */ = {isa = PBXBuildFile; fileRef = 2E60182421E740DA00BA2009 /* UITextView+Extension.swift */; };
		2E60183621E740DB00BA2009 /* NSObject+Extension.swift in Sources */ = {isa = PBXBuildFile; fileRef = 2E60182521E740DA00BA2009 /* NSObject+Extension.swift */; };
		2E60183E21E7411A00BA2009 /* ActivityIndicator.swift in Sources */ = {isa = PBXBuildFile; fileRef = 2E60183821E7411700BA2009 /* ActivityIndicator.swift */; };
		2E60183F21E7411A00BA2009 /* Log.swift in Sources */ = {isa = PBXBuildFile; fileRef = 2E60183921E7411800BA2009 /* Log.swift */; };
		2E60184021E7411A00BA2009 /* Error.swift in Sources */ = {isa = PBXBuildFile; fileRef = 2E60183A21E7411800BA2009 /* Error.swift */; };
		2E60184121E7411A00BA2009 /* RxImagePickerControllerDelegateProxy.swift in Sources */ = {isa = PBXBuildFile; fileRef = 2E60183B21E7411900BA2009 /* RxImagePickerControllerDelegateProxy.swift */; };
		2E60184221E7411A00BA2009 /* UserDefault.swift in Sources */ = {isa = PBXBuildFile; fileRef = 2E60183C21E7411900BA2009 /* UserDefault.swift */; };
		2E60184321E7411A00BA2009 /* ErrorTracker.swift in Sources */ = {isa = PBXBuildFile; fileRef = 2E60183D21E7411900BA2009 /* ErrorTracker.swift */; };
		2E60184821E7415C00BA2009 /* BaseService.swift in Sources */ = {isa = PBXBuildFile; fileRef = 2E60184521E7415C00BA2009 /* BaseService.swift */; };
		2E60184921E7415C00BA2009 /* Constants.swift in Sources */ = {isa = PBXBuildFile; fileRef = 2E60184621E7415C00BA2009 /* Constants.swift */; };
		2E60184A21E7415C00BA2009 /* API.swift in Sources */ = {isa = PBXBuildFile; fileRef = 2E60184721E7415C00BA2009 /* API.swift */; };
		2E60184F21E7458C00BA2009 /* MenuTableViewCell.swift in Sources */ = {isa = PBXBuildFile; fileRef = 2E60184D21E7458C00BA2009 /* MenuTableViewCell.swift */; };
		2E60185021E7458C00BA2009 /* MenuTableViewCell.xib in Resources */ = {isa = PBXBuildFile; fileRef = 2E60184E21E7458C00BA2009 /* MenuTableViewCell.xib */; };
		2E60185421E746CD00BA2009 /* PaymentViewController.swift in Sources */ = {isa = PBXBuildFile; fileRef = 2E60185121E746CD00BA2009 /* PaymentViewController.swift */; };
		2E60185521E746CD00BA2009 /* PaymentViewModel.swift in Sources */ = {isa = PBXBuildFile; fileRef = 2E60185221E746CD00BA2009 /* PaymentViewModel.swift */; };
		2E60185621E746CD00BA2009 /* PaymentViewController.xib in Resources */ = {isa = PBXBuildFile; fileRef = 2E60185321E746CD00BA2009 /* PaymentViewController.xib */; };
		2E60185921E7480E00BA2009 /* BaseViewModel.swift in Sources */ = {isa = PBXBuildFile; fileRef = 2E60185721E7480E00BA2009 /* BaseViewModel.swift */; };
		2E60185A21E7480E00BA2009 /* BaseViewController.swift in Sources */ = {isa = PBXBuildFile; fileRef = 2E60185821E7480E00BA2009 /* BaseViewController.swift */; };
		2E60185F21E7483700BA2009 /* ViewWithXib.swift in Sources */ = {isa = PBXBuildFile; fileRef = 2E60185C21E7483600BA2009 /* ViewWithXib.swift */; };
		2E60186021E7483700BA2009 /* IndicatorCustomView.swift in Sources */ = {isa = PBXBuildFile; fileRef = 2E60185E21E7483600BA2009 /* IndicatorCustomView.swift */; };
		846F633921AD3664007BCACF /* LoginByTwitter.xib in Resources */ = {isa = PBXBuildFile; fileRef = 846F633721AD3664007BCACF /* LoginByTwitter.xib */; };
		846F633A21AD3664007BCACF /* LoginByTwitterView.swift in Sources */ = {isa = PBXBuildFile; fileRef = 846F633821AD3664007BCACF /* LoginByTwitterView.swift */; };
		846F633F21AD5EBF007BCACF /* SocialManager.swift in Sources */ = {isa = PBXBuildFile; fileRef = 846F633E21AD5EBF007BCACF /* SocialManager.swift */; };
		846F634121AD603F007BCACF /* SessionManager.swift in Sources */ = {isa = PBXBuildFile; fileRef = 846F634021AD603F007BCACF /* SessionManager.swift */; };
		84883DC921ABFE52004F122C /* LoginViewController.swift in Sources */ = {isa = PBXBuildFile; fileRef = 84883DC821ABFE52004F122C /* LoginViewController.swift */; };
		84883DCC21ABFF06004F122C /* UIViewController+Alerts.m in Sources */ = {isa = PBXBuildFile; fileRef = 84883DCB21ABFF06004F122C /* UIViewController+Alerts.m */; };
		84883DCF21ABFF3B004F122C /* MenuViewController.swift in Sources */ = {isa = PBXBuildFile; fileRef = 84883DCE21ABFF3B004F122C /* MenuViewController.swift */; };
		84883DD121ABFFC8004F122C /* EmailViewController.swift in Sources */ = {isa = PBXBuildFile; fileRef = 84883DD021ABFFC8004F122C /* EmailViewController.swift */; };
		84883DF321AC1719004F122C /* UIImage+Rx.swift in Sources */ = {isa = PBXBuildFile; fileRef = 84883DD721AC1719004F122C /* UIImage+Rx.swift */; };
		84883DF421AC1719004F122C /* Ex-FIRUserInfo.swift in Sources */ = {isa = PBXBuildFile; fileRef = 84883DD821AC1719004F122C /* Ex-FIRUserInfo.swift */; };
		84883DF521AC1719004F122C /* ProviderInfor.swift in Sources */ = {isa = PBXBuildFile; fileRef = 84883DD921AC1719004F122C /* ProviderInfor.swift */; };
		84883DF621AC1719004F122C /* TWTrend.swift in Sources */ = {isa = PBXBuildFile; fileRef = 84883DDB21AC1719004F122C /* TWTrend.swift */; };
		84883DF721AC1719004F122C /* TWLocation.swift in Sources */ = {isa = PBXBuildFile; fileRef = 84883DDC21AC1719004F122C /* TWLocation.swift */; };
		84883E0321AC1719004F122C /* Response.swift in Sources */ = {isa = PBXBuildFile; fileRef = 84883DE921AC1719004F122C /* Response.swift */; };
		84883E0721AC1719004F122C /* eNum.swift in Sources */ = {isa = PBXBuildFile; fileRef = 84883DEE21AC1719004F122C /* eNum.swift */; };
		84883E0E21AC172D004F122C /* deepsocial-key.json in Resources */ = {isa = PBXBuildFile; fileRef = 84883E0A21AC172D004F122C /* deepsocial-key.json */; };
		84883E0F21AC172D004F122C /* youve-been-a-very-good.wav in Resources */ = {isa = PBXBuildFile; fileRef = 84883E0B21AC172D004F122C /* youve-been-a-very-good.wav */; };
		84883E1021AC172D004F122C /* JsonSample.swift in Sources */ = {isa = PBXBuildFile; fileRef = 84883E0C21AC172D004F122C /* JsonSample.swift */; };
		84883E1121AC172D004F122C /* bus.jpg in Resources */ = {isa = PBXBuildFile; fileRef = 84883E0D21AC172D004F122C /* bus.jpg */; };
		962B3514219206B7007C503E /* RouteCoordinator.swift in Sources */ = {isa = PBXBuildFile; fileRef = 962B34B9219206B7007C503E /* RouteCoordinator.swift */; };
		962B3515219206B7007C503E /* APICoordinator.swift in Sources */ = {isa = PBXBuildFile; fileRef = 962B34BA219206B7007C503E /* APICoordinator.swift */; };
		962B3516219206B7007C503E /* LocalCoordinator.swift in Sources */ = {isa = PBXBuildFile; fileRef = 962B34BB219206B7007C503E /* LocalCoordinator.swift */; };
		962B3517219206B7007C503E /* Menu.storyboard in Resources */ = {isa = PBXBuildFile; fileRef = 962B34BE219206B7007C503E /* Menu.storyboard */; };
		962B3518219206B7007C503E /* Main.storyboard in Resources */ = {isa = PBXBuildFile; fileRef = 962B34BF219206B7007C503E /* Main.storyboard */; };
		962B3519219206B7007C503E /* Login.storyboard in Resources */ = {isa = PBXBuildFile; fileRef = 962B34C0219206B7007C503E /* Login.storyboard */; };
		962B351A219206B7007C503E /* Tabbar.storyboard in Resources */ = {isa = PBXBuildFile; fileRef = 962B34C1219206B7007C503E /* Tabbar.storyboard */; };
		962B351B219206B7007C503E /* Inputs.storyboard in Resources */ = {isa = PBXBuildFile; fileRef = 962B34C2219206B7007C503E /* Inputs.storyboard */; };
		962B351C219206B7007C503E /* Common.swift in Sources */ = {isa = PBXBuildFile; fileRef = 962B34C3219206B7007C503E /* Common.swift */; };
		962B3536219206B7007C503E /* TwitterAPI.swift in Sources */ = {isa = PBXBuildFile; fileRef = 962B34E3219206B7007C503E /* TwitterAPI.swift */; };
		962B3537219206B7007C503E /* PerformancesVC.swift in Sources */ = {isa = PBXBuildFile; fileRef = 962B34E6219206B7007C503E /* PerformancesVC.swift */; };
		962B3538219206B7007C503E /* SearchTimelineVC.swift in Sources */ = {isa = PBXBuildFile; fileRef = 962B34E8219206B7007C503E /* SearchTimelineVC.swift */; };
		962B353A219206B7007C503E /* LocTrendingVC.swift in Sources */ = {isa = PBXBuildFile; fileRef = 962B34EA219206B7007C503E /* LocTrendingVC.swift */; };
		962B353B219206B7007C503E /* TabController.swift in Sources */ = {isa = PBXBuildFile; fileRef = 962B34EC219206B7007C503E /* TabController.swift */; };
		962B353C219206B7007C503E /* AvailableLocationsVC.swift in Sources */ = {isa = PBXBuildFile; fileRef = 962B34EE219206B7007C503E /* AvailableLocationsVC.swift */; };
		962B353F219206B7007C503E /* InputViewController.swift in Sources */ = {isa = PBXBuildFile; fileRef = 962B34F2219206B7007C503E /* InputViewController.swift */; };
		962B3540219206B7007C503E /* TWBaseViewController.swift in Sources */ = {isa = PBXBuildFile; fileRef = 962B34F3219206B7007C503E /* TWBaseViewController.swift */; };
		962B3545219206B7007C503E /* LocationCell.swift in Sources */ = {isa = PBXBuildFile; fileRef = 962B34FB219206B7007C503E /* LocationCell.swift */; };
		962B3546219206B7007C503E /* TabButton.swift in Sources */ = {isa = PBXBuildFile; fileRef = 962B34FD219206B7007C503E /* TabButton.swift */; };
		962B3547219206B7007C503E /* LoadingView.xib in Resources */ = {isa = PBXBuildFile; fileRef = 962B34FF219206B7007C503E /* LoadingView.xib */; };
		962B3548219206B7007C503E /* LoadingView.swift in Sources */ = {isa = PBXBuildFile; fileRef = 962B3500219206B7007C503E /* LoadingView.swift */; };
		962B3559219206B7007C503E /* ButtonWithImageAndTitleExtension.swift in Sources */ = {isa = PBXBuildFile; fileRef = 962B3513219206B7007C503E /* ButtonWithImageAndTitleExtension.swift */; };
		963EF08321C3F33A006C9065 /* DSErrors.swift in Sources */ = {isa = PBXBuildFile; fileRef = 963EF08221C3F33A006C9065 /* DSErrors.swift */; };
		96597E37219A810F00E8B3A0 /* PermissionCoordinator.swift in Sources */ = {isa = PBXBuildFile; fileRef = 96597E36219A810F00E8B3A0 /* PermissionCoordinator.swift */; };
		967C02802199C036002B4126 /* Ex+FIRUser.swift in Sources */ = {isa = PBXBuildFile; fileRef = 967C027F2199C036002B4126 /* Ex+FIRUser.swift */; };
		967C02822199C3F4002B4126 /* UIManager.swift in Sources */ = {isa = PBXBuildFile; fileRef = 967C02812199C3F4002B4126 /* UIManager.swift */; };
		969999DD2190A71700E39B37 /* AppDelegate.swift in Sources */ = {isa = PBXBuildFile; fileRef = 969999DC2190A71700E39B37 /* AppDelegate.swift */; };
		969999DF2190A71700E39B37 /* ViewController.swift in Sources */ = {isa = PBXBuildFile; fileRef = 969999DE2190A71700E39B37 /* ViewController.swift */; };
		969999E42190A71900E39B37 /* Assets.xcassets in Resources */ = {isa = PBXBuildFile; fileRef = 969999E32190A71900E39B37 /* Assets.xcassets */; };
		969999E72190A71900E39B37 /* LaunchScreen.storyboard in Resources */ = {isa = PBXBuildFile; fileRef = 969999E52190A71900E39B37 /* LaunchScreen.storyboard */; };
		969999F02190B7A700E39B37 /* GoogleService-Info.plist in Resources */ = {isa = PBXBuildFile; fileRef = 969999EF2190B7A700E39B37 /* GoogleService-Info.plist */; };
		BB418B3C21AE221800789033 /* TwitterSession.swift in Sources */ = {isa = PBXBuildFile; fileRef = BB418B3B21AE221800789033 /* TwitterSession.swift */; };
/* End PBXBuildFile section */

/* Begin PBXFileReference section */
		17A34678139E00F29E7377B6 /* Pods-TrendAI.debug.xcconfig */ = {isa = PBXFileReference; includeInIndex = 1; lastKnownFileType = text.xcconfig; name = "Pods-TrendAI.debug.xcconfig"; path = "Pods/Target Support Files/Pods-TrendAI/Pods-TrendAI.debug.xcconfig"; sourceTree = "<group>"; };
		2E60181521E740D400BA2009 /* UIDevice+Extension.swift */ = {isa = PBXFileReference; fileEncoding = 4; lastKnownFileType = sourcecode.swift; path = "UIDevice+Extension.swift"; sourceTree = "<group>"; };
		2E60181621E740D400BA2009 /* Array+Extension.swift */ = {isa = PBXFileReference; fileEncoding = 4; lastKnownFileType = sourcecode.swift; path = "Array+Extension.swift"; sourceTree = "<group>"; };
		2E60181721E740D400BA2009 /* RawRepresentable+Extension.swift */ = {isa = PBXFileReference; fileEncoding = 4; lastKnownFileType = sourcecode.swift; path = "RawRepresentable+Extension.swift"; sourceTree = "<group>"; };
		2E60181821E740D500BA2009 /* UICollectionView+Extension.swift */ = {isa = PBXFileReference; fileEncoding = 4; lastKnownFileType = sourcecode.swift; path = "UICollectionView+Extension.swift"; sourceTree = "<group>"; };
		2E60181921E740D500BA2009 /* String+Extension.swift */ = {isa = PBXFileReference; fileEncoding = 4; lastKnownFileType = sourcecode.swift; path = "String+Extension.swift"; sourceTree = "<group>"; };
		2E60181A21E740D500BA2009 /* UIViewController+Extension.swift */ = {isa = PBXFileReference; fileEncoding = 4; lastKnownFileType = sourcecode.swift; path = "UIViewController+Extension.swift"; sourceTree = "<group>"; };
		2E60181B21E740D600BA2009 /* Date+Extenstion.swift */ = {isa = PBXFileReference; fileEncoding = 4; lastKnownFileType = sourcecode.swift; path = "Date+Extenstion.swift"; sourceTree = "<group>"; };
		2E60181C21E740D600BA2009 /* Observable+Extension.swift */ = {isa = PBXFileReference; fileEncoding = 4; lastKnownFileType = sourcecode.swift; path = "Observable+Extension.swift"; sourceTree = "<group>"; };
		2E60181D21E740D600BA2009 /* AppDelegate+Extension.swift */ = {isa = PBXFileReference; fileEncoding = 4; lastKnownFileType = sourcecode.swift; path = "AppDelegate+Extension.swift"; sourceTree = "<group>"; };
		2E60181E21E740D700BA2009 /* UITableView+Extension.swift */ = {isa = PBXFileReference; fileEncoding = 4; lastKnownFileType = sourcecode.swift; path = "UITableView+Extension.swift"; sourceTree = "<group>"; };
		2E60181F21E740D700BA2009 /* TimeInterval+Extension.swift */ = {isa = PBXFileReference; fileEncoding = 4; lastKnownFileType = sourcecode.swift; path = "TimeInterval+Extension.swift"; sourceTree = "<group>"; };
		2E60182021E740D800BA2009 /* UIImagePickerController+RxSwift.swift */ = {isa = PBXFileReference; fileEncoding = 4; lastKnownFileType = sourcecode.swift; path = "UIImagePickerController+RxSwift.swift"; sourceTree = "<group>"; };
		2E60182121E740D800BA2009 /* UIView+Extension.swift */ = {isa = PBXFileReference; fileEncoding = 4; lastKnownFileType = sourcecode.swift; path = "UIView+Extension.swift"; sourceTree = "<group>"; };
		2E60182221E740D800BA2009 /* UILabel+Extension.swift */ = {isa = PBXFileReference; fileEncoding = 4; lastKnownFileType = sourcecode.swift; path = "UILabel+Extension.swift"; sourceTree = "<group>"; };
		2E60182321E740D900BA2009 /* UITextField+Extension.swift */ = {isa = PBXFileReference; fileEncoding = 4; lastKnownFileType = sourcecode.swift; path = "UITextField+Extension.swift"; sourceTree = "<group>"; };
		2E60182421E740DA00BA2009 /* UITextView+Extension.swift */ = {isa = PBXFileReference; fileEncoding = 4; lastKnownFileType = sourcecode.swift; path = "UITextView+Extension.swift"; sourceTree = "<group>"; };
		2E60182521E740DA00BA2009 /* NSObject+Extension.swift */ = {isa = PBXFileReference; fileEncoding = 4; lastKnownFileType = sourcecode.swift; path = "NSObject+Extension.swift"; sourceTree = "<group>"; };
		2E60183821E7411700BA2009 /* ActivityIndicator.swift */ = {isa = PBXFileReference; fileEncoding = 4; lastKnownFileType = sourcecode.swift; path = ActivityIndicator.swift; sourceTree = "<group>"; };
		2E60183921E7411800BA2009 /* Log.swift */ = {isa = PBXFileReference; fileEncoding = 4; lastKnownFileType = sourcecode.swift; path = Log.swift; sourceTree = "<group>"; };
		2E60183A21E7411800BA2009 /* Error.swift */ = {isa = PBXFileReference; fileEncoding = 4; lastKnownFileType = sourcecode.swift; path = Error.swift; sourceTree = "<group>"; };
		2E60183B21E7411900BA2009 /* RxImagePickerControllerDelegateProxy.swift */ = {isa = PBXFileReference; fileEncoding = 4; lastKnownFileType = sourcecode.swift; path = RxImagePickerControllerDelegateProxy.swift; sourceTree = "<group>"; };
		2E60183C21E7411900BA2009 /* UserDefault.swift */ = {isa = PBXFileReference; fileEncoding = 4; lastKnownFileType = sourcecode.swift; path = UserDefault.swift; sourceTree = "<group>"; };
		2E60183D21E7411900BA2009 /* ErrorTracker.swift */ = {isa = PBXFileReference; fileEncoding = 4; lastKnownFileType = sourcecode.swift; path = ErrorTracker.swift; sourceTree = "<group>"; };
		2E60184521E7415C00BA2009 /* BaseService.swift */ = {isa = PBXFileReference; fileEncoding = 4; lastKnownFileType = sourcecode.swift; path = BaseService.swift; sourceTree = "<group>"; };
		2E60184621E7415C00BA2009 /* Constants.swift */ = {isa = PBXFileReference; fileEncoding = 4; lastKnownFileType = sourcecode.swift; path = Constants.swift; sourceTree = "<group>"; };
		2E60184721E7415C00BA2009 /* API.swift */ = {isa = PBXFileReference; fileEncoding = 4; lastKnownFileType = sourcecode.swift; path = API.swift; sourceTree = "<group>"; };
		2E60184D21E7458C00BA2009 /* MenuTableViewCell.swift */ = {isa = PBXFileReference; lastKnownFileType = sourcecode.swift; path = MenuTableViewCell.swift; sourceTree = "<group>"; };
		2E60184E21E7458C00BA2009 /* MenuTableViewCell.xib */ = {isa = PBXFileReference; lastKnownFileType = file.xib; path = MenuTableViewCell.xib; sourceTree = "<group>"; };
		2E60185121E746CD00BA2009 /* PaymentViewController.swift */ = {isa = PBXFileReference; fileEncoding = 4; lastKnownFileType = sourcecode.swift; path = PaymentViewController.swift; sourceTree = "<group>"; };
		2E60185221E746CD00BA2009 /* PaymentViewModel.swift */ = {isa = PBXFileReference; fileEncoding = 4; lastKnownFileType = sourcecode.swift; path = PaymentViewModel.swift; sourceTree = "<group>"; };
		2E60185321E746CD00BA2009 /* PaymentViewController.xib */ = {isa = PBXFileReference; fileEncoding = 4; lastKnownFileType = file.xib; path = PaymentViewController.xib; sourceTree = "<group>"; };
		2E60185721E7480E00BA2009 /* BaseViewModel.swift */ = {isa = PBXFileReference; fileEncoding = 4; lastKnownFileType = sourcecode.swift; path = BaseViewModel.swift; sourceTree = "<group>"; };
		2E60185821E7480E00BA2009 /* BaseViewController.swift */ = {isa = PBXFileReference; fileEncoding = 4; lastKnownFileType = sourcecode.swift; path = BaseViewController.swift; sourceTree = "<group>"; };
		2E60185C21E7483600BA2009 /* ViewWithXib.swift */ = {isa = PBXFileReference; fileEncoding = 4; lastKnownFileType = sourcecode.swift; path = ViewWithXib.swift; sourceTree = "<group>"; };
		2E60185E21E7483600BA2009 /* IndicatorCustomView.swift */ = {isa = PBXFileReference; fileEncoding = 4; lastKnownFileType = sourcecode.swift; path = IndicatorCustomView.swift; sourceTree = "<group>"; };
		33A1943BE8E61B9A73A9BF1B /* Pods_TrendAI.framework */ = {isa = PBXFileReference; explicitFileType = wrapper.framework; includeInIndex = 0; path = Pods_TrendAI.framework; sourceTree = BUILT_PRODUCTS_DIR; };
		44348018D665E302307A0EA1 /* Pods-TrendAI.release.xcconfig */ = {isa = PBXFileReference; includeInIndex = 1; lastKnownFileType = text.xcconfig; name = "Pods-TrendAI.release.xcconfig"; path = "Pods/Target Support Files/Pods-TrendAI/Pods-TrendAI.release.xcconfig"; sourceTree = "<group>"; };
		846F633721AD3664007BCACF /* LoginByTwitter.xib */ = {isa = PBXFileReference; fileEncoding = 4; lastKnownFileType = file.xib; path = LoginByTwitter.xib; sourceTree = "<group>"; };
		846F633821AD3664007BCACF /* LoginByTwitterView.swift */ = {isa = PBXFileReference; fileEncoding = 4; lastKnownFileType = sourcecode.swift; path = LoginByTwitterView.swift; sourceTree = "<group>"; };
		846F633E21AD5EBF007BCACF /* SocialManager.swift */ = {isa = PBXFileReference; lastKnownFileType = sourcecode.swift; path = SocialManager.swift; sourceTree = "<group>"; };
		846F634021AD603F007BCACF /* SessionManager.swift */ = {isa = PBXFileReference; lastKnownFileType = sourcecode.swift; path = SessionManager.swift; sourceTree = "<group>"; };
		84883DC821ABFE52004F122C /* LoginViewController.swift */ = {isa = PBXFileReference; fileEncoding = 4; lastKnownFileType = sourcecode.swift; path = LoginViewController.swift; sourceTree = "<group>"; };
		84883DCA21ABFF06004F122C /* UIViewController+Alerts.h */ = {isa = PBXFileReference; fileEncoding = 4; lastKnownFileType = sourcecode.c.h; path = "UIViewController+Alerts.h"; sourceTree = "<group>"; };
		84883DCB21ABFF06004F122C /* UIViewController+Alerts.m */ = {isa = PBXFileReference; fileEncoding = 4; lastKnownFileType = sourcecode.c.objc; path = "UIViewController+Alerts.m"; sourceTree = "<group>"; };
		84883DCE21ABFF3B004F122C /* MenuViewController.swift */ = {isa = PBXFileReference; fileEncoding = 4; lastKnownFileType = sourcecode.swift; path = MenuViewController.swift; sourceTree = "<group>"; };
		84883DD021ABFFC8004F122C /* EmailViewController.swift */ = {isa = PBXFileReference; fileEncoding = 4; lastKnownFileType = sourcecode.swift; path = EmailViewController.swift; sourceTree = "<group>"; };
		84883DD721AC1719004F122C /* UIImage+Rx.swift */ = {isa = PBXFileReference; fileEncoding = 4; lastKnownFileType = sourcecode.swift; path = "UIImage+Rx.swift"; sourceTree = "<group>"; };
		84883DD821AC1719004F122C /* Ex-FIRUserInfo.swift */ = {isa = PBXFileReference; fileEncoding = 4; lastKnownFileType = sourcecode.swift; path = "Ex-FIRUserInfo.swift"; sourceTree = "<group>"; };
		84883DD921AC1719004F122C /* ProviderInfor.swift */ = {isa = PBXFileReference; fileEncoding = 4; lastKnownFileType = sourcecode.swift; path = ProviderInfor.swift; sourceTree = "<group>"; };
		84883DDB21AC1719004F122C /* TWTrend.swift */ = {isa = PBXFileReference; fileEncoding = 4; lastKnownFileType = sourcecode.swift; path = TWTrend.swift; sourceTree = "<group>"; };
		84883DDC21AC1719004F122C /* TWLocation.swift */ = {isa = PBXFileReference; fileEncoding = 4; lastKnownFileType = sourcecode.swift; path = TWLocation.swift; sourceTree = "<group>"; };
		84883DE921AC1719004F122C /* Response.swift */ = {isa = PBXFileReference; fileEncoding = 4; lastKnownFileType = sourcecode.swift; path = Response.swift; sourceTree = "<group>"; };
		84883DEE21AC1719004F122C /* eNum.swift */ = {isa = PBXFileReference; fileEncoding = 4; lastKnownFileType = sourcecode.swift; path = eNum.swift; sourceTree = "<group>"; };
		84883E0A21AC172D004F122C /* deepsocial-key.json */ = {isa = PBXFileReference; fileEncoding = 4; lastKnownFileType = text.json; path = "deepsocial-key.json"; sourceTree = "<group>"; };
		84883E0B21AC172D004F122C /* youve-been-a-very-good.wav */ = {isa = PBXFileReference; lastKnownFileType = audio.wav; path = "youve-been-a-very-good.wav"; sourceTree = "<group>"; };
		84883E0C21AC172D004F122C /* JsonSample.swift */ = {isa = PBXFileReference; fileEncoding = 4; lastKnownFileType = sourcecode.swift; path = JsonSample.swift; sourceTree = "<group>"; };
		84883E0D21AC172D004F122C /* bus.jpg */ = {isa = PBXFileReference; lastKnownFileType = image.jpeg; path = bus.jpg; sourceTree = "<group>"; };
		962B34B9219206B7007C503E /* RouteCoordinator.swift */ = {isa = PBXFileReference; fileEncoding = 4; lastKnownFileType = sourcecode.swift; path = RouteCoordinator.swift; sourceTree = "<group>"; };
		962B34BA219206B7007C503E /* APICoordinator.swift */ = {isa = PBXFileReference; fileEncoding = 4; lastKnownFileType = sourcecode.swift; path = APICoordinator.swift; sourceTree = "<group>"; };
		962B34BB219206B7007C503E /* LocalCoordinator.swift */ = {isa = PBXFileReference; fileEncoding = 4; lastKnownFileType = sourcecode.swift; path = LocalCoordinator.swift; sourceTree = "<group>"; };
		962B34BC219206B7007C503E /* ObjectiveC_bridging.h */ = {isa = PBXFileReference; fileEncoding = 4; lastKnownFileType = sourcecode.c.h; path = ObjectiveC_bridging.h; sourceTree = "<group>"; };
		962B34BE219206B7007C503E /* Menu.storyboard */ = {isa = PBXFileReference; fileEncoding = 4; lastKnownFileType = file.storyboard; path = Menu.storyboard; sourceTree = "<group>"; };
		962B34BF219206B7007C503E /* Main.storyboard */ = {isa = PBXFileReference; fileEncoding = 4; lastKnownFileType = file.storyboard; path = Main.storyboard; sourceTree = "<group>"; };
		962B34C0219206B7007C503E /* Login.storyboard */ = {isa = PBXFileReference; fileEncoding = 4; lastKnownFileType = file.storyboard; path = Login.storyboard; sourceTree = "<group>"; };
		962B34C1219206B7007C503E /* Tabbar.storyboard */ = {isa = PBXFileReference; fileEncoding = 4; lastKnownFileType = file.storyboard; path = Tabbar.storyboard; sourceTree = "<group>"; };
		962B34C2219206B7007C503E /* Inputs.storyboard */ = {isa = PBXFileReference; fileEncoding = 4; lastKnownFileType = file.storyboard; path = Inputs.storyboard; sourceTree = "<group>"; };
		962B34C3219206B7007C503E /* Common.swift */ = {isa = PBXFileReference; fileEncoding = 4; lastKnownFileType = sourcecode.swift; path = Common.swift; sourceTree = "<group>"; };
		962B34E3219206B7007C503E /* TwitterAPI.swift */ = {isa = PBXFileReference; fileEncoding = 4; lastKnownFileType = sourcecode.swift; path = TwitterAPI.swift; sourceTree = "<group>"; };
		962B34E6219206B7007C503E /* PerformancesVC.swift */ = {isa = PBXFileReference; fileEncoding = 4; lastKnownFileType = sourcecode.swift; path = PerformancesVC.swift; sourceTree = "<group>"; };
		962B34E8219206B7007C503E /* SearchTimelineVC.swift */ = {isa = PBXFileReference; fileEncoding = 4; lastKnownFileType = sourcecode.swift; path = SearchTimelineVC.swift; sourceTree = "<group>"; };
		962B34EA219206B7007C503E /* LocTrendingVC.swift */ = {isa = PBXFileReference; fileEncoding = 4; lastKnownFileType = sourcecode.swift; path = LocTrendingVC.swift; sourceTree = "<group>"; };
		962B34EC219206B7007C503E /* TabController.swift */ = {isa = PBXFileReference; fileEncoding = 4; lastKnownFileType = sourcecode.swift; path = TabController.swift; sourceTree = "<group>"; };
		962B34EE219206B7007C503E /* AvailableLocationsVC.swift */ = {isa = PBXFileReference; fileEncoding = 4; lastKnownFileType = sourcecode.swift; path = AvailableLocationsVC.swift; sourceTree = "<group>"; };
		962B34F2219206B7007C503E /* InputViewController.swift */ = {isa = PBXFileReference; fileEncoding = 4; lastKnownFileType = sourcecode.swift; path = InputViewController.swift; sourceTree = "<group>"; };
		962B34F3219206B7007C503E /* TWBaseViewController.swift */ = {isa = PBXFileReference; fileEncoding = 4; lastKnownFileType = sourcecode.swift; path = TWBaseViewController.swift; sourceTree = "<group>"; };
		962B34FB219206B7007C503E /* LocationCell.swift */ = {isa = PBXFileReference; fileEncoding = 4; lastKnownFileType = sourcecode.swift; path = LocationCell.swift; sourceTree = "<group>"; };
		962B34FD219206B7007C503E /* TabButton.swift */ = {isa = PBXFileReference; fileEncoding = 4; lastKnownFileType = sourcecode.swift; path = TabButton.swift; sourceTree = "<group>"; };
		962B34FF219206B7007C503E /* LoadingView.xib */ = {isa = PBXFileReference; fileEncoding = 4; lastKnownFileType = file.xib; path = LoadingView.xib; sourceTree = "<group>"; };
		962B3500219206B7007C503E /* LoadingView.swift */ = {isa = PBXFileReference; fileEncoding = 4; lastKnownFileType = sourcecode.swift; path = LoadingView.swift; sourceTree = "<group>"; };
		962B3513219206B7007C503E /* ButtonWithImageAndTitleExtension.swift */ = {isa = PBXFileReference; fileEncoding = 4; lastKnownFileType = sourcecode.swift; path = ButtonWithImageAndTitleExtension.swift; sourceTree = "<group>"; };
		963EF08221C3F33A006C9065 /* DSErrors.swift */ = {isa = PBXFileReference; fileEncoding = 4; lastKnownFileType = sourcecode.swift; path = DSErrors.swift; sourceTree = "<group>"; };
		96597E36219A810F00E8B3A0 /* PermissionCoordinator.swift */ = {isa = PBXFileReference; fileEncoding = 4; lastKnownFileType = sourcecode.swift; path = PermissionCoordinator.swift; sourceTree = "<group>"; };
		967C027F2199C036002B4126 /* Ex+FIRUser.swift */ = {isa = PBXFileReference; lastKnownFileType = sourcecode.swift; path = "Ex+FIRUser.swift"; sourceTree = "<group>"; };
		967C02812199C3F4002B4126 /* UIManager.swift */ = {isa = PBXFileReference; fileEncoding = 4; lastKnownFileType = sourcecode.swift; path = UIManager.swift; sourceTree = "<group>"; };
		969999D92190A71700E39B37 /* TrendAI.app */ = {isa = PBXFileReference; explicitFileType = wrapper.application; includeInIndex = 0; path = TrendAI.app; sourceTree = BUILT_PRODUCTS_DIR; };
		969999DC2190A71700E39B37 /* AppDelegate.swift */ = {isa = PBXFileReference; lastKnownFileType = sourcecode.swift; path = AppDelegate.swift; sourceTree = "<group>"; };
		969999DE2190A71700E39B37 /* ViewController.swift */ = {isa = PBXFileReference; lastKnownFileType = sourcecode.swift; path = ViewController.swift; sourceTree = "<group>"; };
		969999E32190A71900E39B37 /* Assets.xcassets */ = {isa = PBXFileReference; lastKnownFileType = folder.assetcatalog; path = Assets.xcassets; sourceTree = "<group>"; };
		969999E62190A71900E39B37 /* Base */ = {isa = PBXFileReference; lastKnownFileType = file.storyboard; name = Base; path = Base.lproj/LaunchScreen.storyboard; sourceTree = "<group>"; };
		969999E82190A71900E39B37 /* Info.plist */ = {isa = PBXFileReference; lastKnownFileType = text.plist.xml; path = Info.plist; sourceTree = "<group>"; };
		969999EE2190A8B800E39B37 /* Bridging_Header.h */ = {isa = PBXFileReference; lastKnownFileType = sourcecode.c.h; path = Bridging_Header.h; sourceTree = "<group>"; };
		969999EF2190B7A700E39B37 /* GoogleService-Info.plist */ = {isa = PBXFileReference; fileEncoding = 4; lastKnownFileType = text.plist.xml; path = "GoogleService-Info.plist"; sourceTree = "<group>"; };
		96CD42842192943600BC75F9 /* TrendAI.entitlements */ = {isa = PBXFileReference; lastKnownFileType = text.plist.entitlements; path = TrendAI.entitlements; sourceTree = "<group>"; };
		BB418B3B21AE221800789033 /* TwitterSession.swift */ = {isa = PBXFileReference; lastKnownFileType = sourcecode.swift; path = TwitterSession.swift; sourceTree = "<group>"; };
/* End PBXFileReference section */

/* Begin PBXFrameworksBuildPhase section */
		969999D62190A71700E39B37 /* Frameworks */ = {
			isa = PBXFrameworksBuildPhase;
			buildActionMask = 2147483647;
			files = (
				1F26FF11E4F88EB6D35F4BCB /* Pods_TrendAI.framework in Frameworks */,
			);
			runOnlyForDeploymentPostprocessing = 0;
		};
/* End PBXFrameworksBuildPhase section */

/* Begin PBXGroup section */
		2E60183721E7410A00BA2009 /* Helper */ = {
			isa = PBXGroup;
			children = (
				2E60183821E7411700BA2009 /* ActivityIndicator.swift */,
				2E60183A21E7411800BA2009 /* Error.swift */,
				2E60183D21E7411900BA2009 /* ErrorTracker.swift */,
				2E60183921E7411800BA2009 /* Log.swift */,
				2E60183B21E7411900BA2009 /* RxImagePickerControllerDelegateProxy.swift */,
				2E60183C21E7411900BA2009 /* UserDefault.swift */,
			);
			path = Helper;
			sourceTree = "<group>";
		};
		2E60184421E7414E00BA2009 /* Networking */ = {
			isa = PBXGroup;
			children = (
				2E60184721E7415C00BA2009 /* API.swift */,
				2E60184521E7415C00BA2009 /* BaseService.swift */,
				2E60184621E7415C00BA2009 /* Constants.swift */,
			);
			path = Networking;
			sourceTree = "<group>";
		};
		2E60184B21E741F800BA2009 /* Screens */ = {
			isa = PBXGroup;
			children = (
				2E60184C21E7420200BA2009 /* Payment */,
			);
			path = Screens;
			sourceTree = "<group>";
		};
		2E60184C21E7420200BA2009 /* Payment */ = {
			isa = PBXGroup;
			children = (
				2E60185121E746CD00BA2009 /* PaymentViewController.swift */,
				2E60185321E746CD00BA2009 /* PaymentViewController.xib */,
				2E60185221E746CD00BA2009 /* PaymentViewModel.swift */,
			);
			path = Payment;
			sourceTree = "<group>";
		};
		2E60185B21E7483600BA2009 /* ViewWithXib */ = {
			isa = PBXGroup;
			children = (
				2E60185C21E7483600BA2009 /* ViewWithXib.swift */,
			);
			path = ViewWithXib;
			sourceTree = "<group>";
		};
		2E60185D21E7483600BA2009 /* Indicator */ = {
			isa = PBXGroup;
			children = (
				2E60185E21E7483600BA2009 /* IndicatorCustomView.swift */,
			);
			path = Indicator;
			sourceTree = "<group>";
		};
		696918797FD485D4F54B4F98 /* Pods */ = {
			isa = PBXGroup;
			children = (
				17A34678139E00F29E7377B6 /* Pods-TrendAI.debug.xcconfig */,
				44348018D665E302307A0EA1 /* Pods-TrendAI.release.xcconfig */,
			);
			name = Pods;
			sourceTree = "<group>";
		};
		6DEB0850D58F613A95B6084A /* Frameworks */ = {
			isa = PBXGroup;
			children = (
				33A1943BE8E61B9A73A9BF1B /* Pods_TrendAI.framework */,
			);
			name = Frameworks;
			sourceTree = "<group>";
		};
		846F633621AD3638007BCACF /* LoginByTwitter */ = {
			isa = PBXGroup;
			children = (
				846F633821AD3664007BCACF /* LoginByTwitterView.swift */,
				846F633721AD3664007BCACF /* LoginByTwitter.xib */,
			);
			path = LoginByTwitter;
			sourceTree = "<group>";
		};
		84883DC721ABFE52004F122C /* Login */ = {
			isa = PBXGroup;
			children = (
				84883DD021ABFFC8004F122C /* EmailViewController.swift */,
				84883DC821ABFE52004F122C /* LoginViewController.swift */,
			);
			path = Login;
			sourceTree = "<group>";
		};
		84883DCD21ABFF3B004F122C /* Menu */ = {
			isa = PBXGroup;
			children = (
				84883DCE21ABFF3B004F122C /* MenuViewController.swift */,
				2E60184D21E7458C00BA2009 /* MenuTableViewCell.swift */,
				2E60184E21E7458C00BA2009 /* MenuTableViewCell.xib */,
			);
			path = Menu;
			sourceTree = "<group>";
		};
		84883DD221AC1719004F122C /* Models */ = {
			isa = PBXGroup;
			children = (
				963EF08221C3F33A006C9065 /* DSErrors.swift */,
				BB418B3A21AE216600789033 /* SocialNetworks */,
				84883DD621AC1719004F122C /* Extentsions */,
				84883DD921AC1719004F122C /* ProviderInfor.swift */,
				84883DDA21AC1719004F122C /* Trend */,
				84883DE921AC1719004F122C /* Response.swift */,
				84883DEE21AC1719004F122C /* eNum.swift */,
			);
			path = Models;
			sourceTree = "<group>";
		};
		84883DD621AC1719004F122C /* Extentsions */ = {
			isa = PBXGroup;
			children = (
				84883DD721AC1719004F122C /* UIImage+Rx.swift */,
				84883DD821AC1719004F122C /* Ex-FIRUserInfo.swift */,
			);
			path = Extentsions;
			sourceTree = "<group>";
		};
		84883DDA21AC1719004F122C /* Trend */ = {
			isa = PBXGroup;
			children = (
				84883DDB21AC1719004F122C /* TWTrend.swift */,
				84883DDC21AC1719004F122C /* TWLocation.swift */,
			);
			path = Trend;
			sourceTree = "<group>";
		};
		84883E0921AC172D004F122C /* Resource */ = {
			isa = PBXGroup;
			children = (
				84883E0A21AC172D004F122C /* deepsocial-key.json */,
				84883E0B21AC172D004F122C /* youve-been-a-very-good.wav */,
				84883E0C21AC172D004F122C /* JsonSample.swift */,
				84883E0D21AC172D004F122C /* bus.jpg */,
			);
			path = Resource;
			sourceTree = "<group>";
		};
		962B34B7219206B7007C503E /* SourceCode */ = {
			isa = PBXGroup;
			children = (
				2E60184B21E741F800BA2009 /* Screens */,
				2E60184421E7414E00BA2009 /* Networking */,
				2E60183721E7410A00BA2009 /* Helper */,
				84883E0921AC172D004F122C /* Resource */,
				84883DD221AC1719004F122C /* Models */,
				967C027E2199BE54002B4126 /* Extensions */,
				962B34B8219206B7007C503E /* Coordinators */,
				962B34BC219206B7007C503E /* ObjectiveC_bridging.h */,
				962B34BD219206B7007C503E /* Storyboard */,
				962B34C3219206B7007C503E /* Common.swift */,
				962B34E2219206B7007C503E /* SocialAPIs */,
				962B34E4219206B7007C503E /* ViewControllers */,
				962B34F9219206B7007C503E /* Views */,
			);
			path = SourceCode;
			sourceTree = "<group>";
		};
		962B34B8219206B7007C503E /* Coordinators */ = {
			isa = PBXGroup;
			children = (
				96597E36219A810F00E8B3A0 /* PermissionCoordinator.swift */,
				967C02812199C3F4002B4126 /* UIManager.swift */,
				962B34B9219206B7007C503E /* RouteCoordinator.swift */,
				962B34BA219206B7007C503E /* APICoordinator.swift */,
				962B34BB219206B7007C503E /* LocalCoordinator.swift */,
				846F633E21AD5EBF007BCACF /* SocialManager.swift */,
				846F634021AD603F007BCACF /* SessionManager.swift */,
			);
			path = Coordinators;
			sourceTree = "<group>";
		};
		962B34BD219206B7007C503E /* Storyboard */ = {
			isa = PBXGroup;
			children = (
				962B34BE219206B7007C503E /* Menu.storyboard */,
				962B34BF219206B7007C503E /* Main.storyboard */,
				962B34C0219206B7007C503E /* Login.storyboard */,
				962B34C1219206B7007C503E /* Tabbar.storyboard */,
				962B34C2219206B7007C503E /* Inputs.storyboard */,
			);
			path = Storyboard;
			sourceTree = "<group>";
		};
		962B34E2219206B7007C503E /* SocialAPIs */ = {
			isa = PBXGroup;
			children = (
				962B34E3219206B7007C503E /* TwitterAPI.swift */,
			);
			path = SocialAPIs;
			sourceTree = "<group>";
		};
		962B34E4219206B7007C503E /* ViewControllers */ = {
			isa = PBXGroup;
			children = (
				84883DCD21ABFF3B004F122C /* Menu */,
				84883DC721ABFE52004F122C /* Login */,
				962B34E5219206B7007C503E /* Products */,
				962B34E7219206B7007C503E /* Trend */,
				962B34EB219206B7007C503E /* Tab */,
				962B34ED219206B7007C503E /* Locations */,
				962B34F1219206B7007C503E /* Base */,
			);
			path = ViewControllers;
			sourceTree = "<group>";
		};
		962B34E5219206B7007C503E /* Products */ = {
			isa = PBXGroup;
			children = (
				962B34E6219206B7007C503E /* PerformancesVC.swift */,
			);
			path = Products;
			sourceTree = "<group>";
		};
		962B34E7219206B7007C503E /* Trend */ = {
			isa = PBXGroup;
			children = (
				962B34E8219206B7007C503E /* SearchTimelineVC.swift */,
				962B34EA219206B7007C503E /* LocTrendingVC.swift */,
			);
			path = Trend;
			sourceTree = "<group>";
		};
		962B34EB219206B7007C503E /* Tab */ = {
			isa = PBXGroup;
			children = (
				962B34EC219206B7007C503E /* TabController.swift */,
			);
			path = Tab;
			sourceTree = "<group>";
		};
		962B34ED219206B7007C503E /* Locations */ = {
			isa = PBXGroup;
			children = (
				962B34EE219206B7007C503E /* AvailableLocationsVC.swift */,
			);
			path = Locations;
			sourceTree = "<group>";
		};
		962B34F1219206B7007C503E /* Base */ = {
			isa = PBXGroup;
			children = (
				2E60185821E7480E00BA2009 /* BaseViewController.swift */,
				2E60185721E7480E00BA2009 /* BaseViewModel.swift */,
				962B34F2219206B7007C503E /* InputViewController.swift */,
				962B34F3219206B7007C503E /* TWBaseViewController.swift */,
			);
			path = Base;
			sourceTree = "<group>";
		};
		962B34F9219206B7007C503E /* Views */ = {
			isa = PBXGroup;
			children = (
				2E60185D21E7483600BA2009 /* Indicator */,
				2E60185B21E7483600BA2009 /* ViewWithXib */,
				846F633621AD3638007BCACF /* LoginByTwitter */,
				962B34FA219206B7007C503E /* CollectionCell */,
				962B34FC219206B7007C503E /* TabButton */,
				962B34FE219206B7007C503E /* LoaddingView */,
				962B3501219206B7007C503E /* TableViewCell */,
				962B3512219206B7007C503E /* ExtensionUIButton */,
			);
			path = Views;
			sourceTree = "<group>";
		};
		962B34FA219206B7007C503E /* CollectionCell */ = {
			isa = PBXGroup;
			children = (
				962B34FB219206B7007C503E /* LocationCell.swift */,
			);
			path = CollectionCell;
			sourceTree = "<group>";
		};
		962B34FC219206B7007C503E /* TabButton */ = {
			isa = PBXGroup;
			children = (
				962B34FD219206B7007C503E /* TabButton.swift */,
			);
			path = TabButton;
			sourceTree = "<group>";
		};
		962B34FE219206B7007C503E /* LoaddingView */ = {
			isa = PBXGroup;
			children = (
				962B34FF219206B7007C503E /* LoadingView.xib */,
				962B3500219206B7007C503E /* LoadingView.swift */,
			);
			path = LoaddingView;
			sourceTree = "<group>";
		};
		962B3501219206B7007C503E /* TableViewCell */ = {
			isa = PBXGroup;
			children = (
			);
			path = TableViewCell;
			sourceTree = "<group>";
		};
		962B3512219206B7007C503E /* ExtensionUIButton */ = {
			isa = PBXGroup;
			children = (
				962B3513219206B7007C503E /* ButtonWithImageAndTitleExtension.swift */,
			);
			path = ExtensionUIButton;
			sourceTree = "<group>";
		};
		967C027E2199BE54002B4126 /* Extensions */ = {
			isa = PBXGroup;
			children = (
				2E60181D21E740D600BA2009 /* AppDelegate+Extension.swift */,
				2E60181621E740D400BA2009 /* Array+Extension.swift */,
				2E60181B21E740D600BA2009 /* Date+Extenstion.swift */,
				2E60182521E740DA00BA2009 /* NSObject+Extension.swift */,
				2E60181C21E740D600BA2009 /* Observable+Extension.swift */,
				2E60181721E740D400BA2009 /* RawRepresentable+Extension.swift */,
				2E60181921E740D500BA2009 /* String+Extension.swift */,
				2E60181F21E740D700BA2009 /* TimeInterval+Extension.swift */,
				2E60181821E740D500BA2009 /* UICollectionView+Extension.swift */,
				2E60181521E740D400BA2009 /* UIDevice+Extension.swift */,
				2E60182021E740D800BA2009 /* UIImagePickerController+RxSwift.swift */,
				2E60182221E740D800BA2009 /* UILabel+Extension.swift */,
				2E60181E21E740D700BA2009 /* UITableView+Extension.swift */,
				2E60182321E740D900BA2009 /* UITextField+Extension.swift */,
				2E60182421E740DA00BA2009 /* UITextView+Extension.swift */,
				2E60182121E740D800BA2009 /* UIView+Extension.swift */,
				2E60181A21E740D500BA2009 /* UIViewController+Extension.swift */,
				84883DCA21ABFF06004F122C /* UIViewController+Alerts.h */,
				84883DCB21ABFF06004F122C /* UIViewController+Alerts.m */,
				967C027F2199C036002B4126 /* Ex+FIRUser.swift */,
			);
			path = Extensions;
			sourceTree = "<group>";
		};
		969999D02190A71700E39B37 = {
			isa = PBXGroup;
			children = (
				969999DB2190A71700E39B37 /* TrendAI */,
				969999DA2190A71700E39B37 /* Products */,
				696918797FD485D4F54B4F98 /* Pods */,
				6DEB0850D58F613A95B6084A /* Frameworks */,
			);
			sourceTree = "<group>";
		};
		969999DA2190A71700E39B37 /* Products */ = {
			isa = PBXGroup;
			children = (
				969999D92190A71700E39B37 /* TrendAI.app */,
			);
			name = Products;
			sourceTree = "<group>";
		};
		969999DB2190A71700E39B37 /* TrendAI */ = {
			isa = PBXGroup;
			children = (
				96CD42842192943600BC75F9 /* TrendAI.entitlements */,
				962B34B7219206B7007C503E /* SourceCode */,
				969999EF2190B7A700E39B37 /* GoogleService-Info.plist */,
				969999DC2190A71700E39B37 /* AppDelegate.swift */,
				969999DE2190A71700E39B37 /* ViewController.swift */,
				969999E32190A71900E39B37 /* Assets.xcassets */,
				969999E52190A71900E39B37 /* LaunchScreen.storyboard */,
				969999E82190A71900E39B37 /* Info.plist */,
				969999EE2190A8B800E39B37 /* Bridging_Header.h */,
			);
			path = TrendAI;
			sourceTree = "<group>";
		};
		BB418B3A21AE216600789033 /* SocialNetworks */ = {
			isa = PBXGroup;
			children = (
				BB418B3B21AE221800789033 /* TwitterSession.swift */,
			);
			path = SocialNetworks;
			sourceTree = "<group>";
		};
/* End PBXGroup section */

/* Begin PBXNativeTarget section */
		969999D82190A71700E39B37 /* TrendAI */ = {
			isa = PBXNativeTarget;
			buildConfigurationList = 969999EB2190A71900E39B37 /* Build configuration list for PBXNativeTarget "TrendAI" */;
			buildPhases = (
				192E12617018BC5E1C93D045 /* [CP] Check Pods Manifest.lock */,
				969999D52190A71700E39B37 /* Sources */,
				969999D62190A71700E39B37 /* Frameworks */,
				969999D72190A71700E39B37 /* Resources */,
				DFDA25AB084B5B7ADCE95F12 /* [CP] Embed Pods Frameworks */,
				40F56F1ECB23AE224BA795DC /* [CP] Copy Pods Resources */,
			);
			buildRules = (
			);
			dependencies = (
			);
			name = TrendAI;
			productName = TrendAI;
			productReference = 969999D92190A71700E39B37 /* TrendAI.app */;
			productType = "com.apple.product-type.application";
		};
/* End PBXNativeTarget section */

/* Begin PBXProject section */
		969999D12190A71700E39B37 /* Project object */ = {
			isa = PBXProject;
			attributes = {
				LastSwiftUpdateCheck = 1000;
				LastUpgradeCheck = 1000;
				ORGANIZATIONNAME = Benjamin;
				TargetAttributes = {
					969999D82190A71700E39B37 = {
						CreatedOnToolsVersion = 10.0;
						SystemCapabilities = {
							com.apple.Push = {
								enabled = 0;
							};
						};
					};
				};
			};
			buildConfigurationList = 969999D42190A71700E39B37 /* Build configuration list for PBXProject "TrendAI" */;
			compatibilityVersion = "Xcode 9.3";
			developmentRegion = en;
			hasScannedForEncodings = 0;
			knownRegions = (
				en,
				Base,
			);
			mainGroup = 969999D02190A71700E39B37;
			productRefGroup = 969999DA2190A71700E39B37 /* Products */;
			projectDirPath = "";
			projectRoot = "";
			targets = (
				969999D82190A71700E39B37 /* TrendAI */,
			);
		};
/* End PBXProject section */

/* Begin PBXResourcesBuildPhase section */
		969999D72190A71700E39B37 /* Resources */ = {
			isa = PBXResourcesBuildPhase;
			buildActionMask = 2147483647;
			files = (
				84883E1121AC172D004F122C /* bus.jpg in Resources */,
				84883E0F21AC172D004F122C /* youve-been-a-very-good.wav in Resources */,
				962B351B219206B7007C503E /* Inputs.storyboard in Resources */,
				962B3517219206B7007C503E /* Menu.storyboard in Resources */,
				969999E72190A71900E39B37 /* LaunchScreen.storyboard in Resources */,
				962B3519219206B7007C503E /* Login.storyboard in Resources */,
				969999F02190B7A700E39B37 /* GoogleService-Info.plist in Resources */,
				962B351A219206B7007C503E /* Tabbar.storyboard in Resources */,
				2E60185621E746CD00BA2009 /* PaymentViewController.xib in Resources */,
				2E60185021E7458C00BA2009 /* MenuTableViewCell.xib in Resources */,
				84883E0E21AC172D004F122C /* deepsocial-key.json in Resources */,
				962B3518219206B7007C503E /* Main.storyboard in Resources */,
				962B3547219206B7007C503E /* LoadingView.xib in Resources */,
				846F633921AD3664007BCACF /* LoginByTwitter.xib in Resources */,
				969999E42190A71900E39B37 /* Assets.xcassets in Resources */,
			);
			runOnlyForDeploymentPostprocessing = 0;
		};
/* End PBXResourcesBuildPhase section */

/* Begin PBXShellScriptBuildPhase section */
		192E12617018BC5E1C93D045 /* [CP] Check Pods Manifest.lock */ = {
			isa = PBXShellScriptBuildPhase;
			buildActionMask = 2147483647;
			files = (
			);
			inputPaths = (
				"${PODS_PODFILE_DIR_PATH}/Podfile.lock",
				"${PODS_ROOT}/Manifest.lock",
			);
			name = "[CP] Check Pods Manifest.lock";
			outputPaths = (
				"$(DERIVED_FILE_DIR)/Pods-TrendAI-checkManifestLockResult.txt",
			);
			runOnlyForDeploymentPostprocessing = 0;
			shellPath = /bin/sh;
			shellScript = "diff \"${PODS_PODFILE_DIR_PATH}/Podfile.lock\" \"${PODS_ROOT}/Manifest.lock\" > /dev/null\nif [ $? != 0 ] ; then\n    # print error to STDERR\n    echo \"error: The sandbox is not in sync with the Podfile.lock. Run 'pod install' or update your CocoaPods installation.\" >&2\n    exit 1\nfi\n# This output is used by Xcode 'outputs' to avoid re-running this script phase.\necho \"SUCCESS\" > \"${SCRIPT_OUTPUT_FILE_0}\"\n";
			showEnvVarsInLog = 0;
		};
		40F56F1ECB23AE224BA795DC /* [CP] Copy Pods Resources */ = {
			isa = PBXShellScriptBuildPhase;
			buildActionMask = 2147483647;
			files = (
			);
			inputPaths = (
				"${SRCROOT}/Pods/Target Support Files/Pods-TrendAI/Pods-TrendAI-resources.sh",
				"${PODS_ROOT}/TwitterKit/iOS/TwitterKit.framework/TwitterKitResources.bundle",
			);
			name = "[CP] Copy Pods Resources";
			outputPaths = (
				"${TARGET_BUILD_DIR}/${UNLOCALIZED_RESOURCES_FOLDER_PATH}/TwitterKitResources.bundle",
			);
			runOnlyForDeploymentPostprocessing = 0;
			shellPath = /bin/sh;
			shellScript = "\"${SRCROOT}/Pods/Target Support Files/Pods-TrendAI/Pods-TrendAI-resources.sh\"\n";
			showEnvVarsInLog = 0;
		};
		DFDA25AB084B5B7ADCE95F12 /* [CP] Embed Pods Frameworks */ = {
			isa = PBXShellScriptBuildPhase;
			buildActionMask = 2147483647;
			files = (
			);
			inputPaths = (
				"${SRCROOT}/Pods/Target Support Files/Pods-TrendAI/Pods-TrendAI-frameworks.sh",
				"${BUILT_PRODUCTS_DIR}/Alamofire/Alamofire.framework",
				"${BUILT_PRODUCTS_DIR}/GTMSessionFetcher/GTMSessionFetcher.framework",
				"${BUILT_PRODUCTS_DIR}/GoogleUtilities/GoogleUtilities.framework",
				"${BUILT_PRODUCTS_DIR}/MDFInternationalization/MDFInternationalization.framework",
				"${BUILT_PRODUCTS_DIR}/MDFTextAccessibility/MDFTextAccessibility.framework",
				"${BUILT_PRODUCTS_DIR}/MaterialComponents/MaterialComponents.framework",
				"${BUILT_PRODUCTS_DIR}/NVActivityIndicatorView/NVActivityIndicatorView.framework",
				"${BUILT_PRODUCTS_DIR}/OAuthSwift/OAuthSwift.framework",
				"${BUILT_PRODUCTS_DIR}/RxAtomic/RxAtomic.framework",
				"${BUILT_PRODUCTS_DIR}/RxCocoa/RxCocoa.framework",
				"${BUILT_PRODUCTS_DIR}/RxSwift/RxSwift.framework",
				"${BUILT_PRODUCTS_DIR}/SideMenu/SideMenu.framework",
				"${BUILT_PRODUCTS_DIR}/SnapKit/SnapKit.framework",
				"${BUILT_PRODUCTS_DIR}/SwiftyJSON/SwiftyJSON.framework",
				"${BUILT_PRODUCTS_DIR}/TTGTagCollectionView/TTGTagCollectionView.framework",
				"${PODS_ROOT}/TwitterCore/iOS/TwitterCore.framework",
				"${PODS_ROOT}/TwitterKit/iOS/TwitterKit.framework",
				"${BUILT_PRODUCTS_DIR}/nanopb/nanopb.framework",
			);
			name = "[CP] Embed Pods Frameworks";
			outputPaths = (
				"${TARGET_BUILD_DIR}/${FRAMEWORKS_FOLDER_PATH}/Alamofire.framework",
				"${TARGET_BUILD_DIR}/${FRAMEWORKS_FOLDER_PATH}/GTMSessionFetcher.framework",
				"${TARGET_BUILD_DIR}/${FRAMEWORKS_FOLDER_PATH}/GoogleUtilities.framework",
				"${TARGET_BUILD_DIR}/${FRAMEWORKS_FOLDER_PATH}/MDFInternationalization.framework",
				"${TARGET_BUILD_DIR}/${FRAMEWORKS_FOLDER_PATH}/MDFTextAccessibility.framework",
				"${TARGET_BUILD_DIR}/${FRAMEWORKS_FOLDER_PATH}/MaterialComponents.framework",
				"${TARGET_BUILD_DIR}/${FRAMEWORKS_FOLDER_PATH}/NVActivityIndicatorView.framework",
				"${TARGET_BUILD_DIR}/${FRAMEWORKS_FOLDER_PATH}/OAuthSwift.framework",
				"${TARGET_BUILD_DIR}/${FRAMEWORKS_FOLDER_PATH}/RxAtomic.framework",
				"${TARGET_BUILD_DIR}/${FRAMEWORKS_FOLDER_PATH}/RxCocoa.framework",
				"${TARGET_BUILD_DIR}/${FRAMEWORKS_FOLDER_PATH}/RxSwift.framework",
				"${TARGET_BUILD_DIR}/${FRAMEWORKS_FOLDER_PATH}/SideMenu.framework",
				"${TARGET_BUILD_DIR}/${FRAMEWORKS_FOLDER_PATH}/SnapKit.framework",
				"${TARGET_BUILD_DIR}/${FRAMEWORKS_FOLDER_PATH}/SwiftyJSON.framework",
				"${TARGET_BUILD_DIR}/${FRAMEWORKS_FOLDER_PATH}/TTGTagCollectionView.framework",
				"${TARGET_BUILD_DIR}/${FRAMEWORKS_FOLDER_PATH}/TwitterCore.framework",
				"${TARGET_BUILD_DIR}/${FRAMEWORKS_FOLDER_PATH}/TwitterKit.framework",
				"${TARGET_BUILD_DIR}/${FRAMEWORKS_FOLDER_PATH}/nanopb.framework",
			);
			runOnlyForDeploymentPostprocessing = 0;
			shellPath = /bin/sh;
			shellScript = "\"${SRCROOT}/Pods/Target Support Files/Pods-TrendAI/Pods-TrendAI-frameworks.sh\"\n";
			showEnvVarsInLog = 0;
		};
/* End PBXShellScriptBuildPhase section */

/* Begin PBXSourcesBuildPhase section */
		969999D52190A71700E39B37 /* Sources */ = {
			isa = PBXSourcesBuildPhase;
			buildActionMask = 2147483647;
			files = (
				962B353B219206B7007C503E /* TabController.swift in Sources */,
				969999DF2190A71700E39B37 /* ViewController.swift in Sources */,
				962B3545219206B7007C503E /* LocationCell.swift in Sources */,
				2E60182821E740DB00BA2009 /* RawRepresentable+Extension.swift in Sources */,
				2E60183E21E7411A00BA2009 /* ActivityIndicator.swift in Sources */,
				2E60182E21E740DB00BA2009 /* AppDelegate+Extension.swift in Sources */,
				962B3559219206B7007C503E /* ButtonWithImageAndTitleExtension.swift in Sources */,
				84883DCC21ABFF06004F122C /* UIViewController+Alerts.m in Sources */,
				2E60182C21E740DB00BA2009 /* Date+Extenstion.swift in Sources */,
				2E60184F21E7458C00BA2009 /* MenuTableViewCell.swift in Sources */,
				962B353C219206B7007C503E /* AvailableLocationsVC.swift in Sources */,
				963EF08321C3F33A006C9065 /* DSErrors.swift in Sources */,
				84883DD121ABFFC8004F122C /* EmailViewController.swift in Sources */,
				84883DF421AC1719004F122C /* Ex-FIRUserInfo.swift in Sources */,
				962B3540219206B7007C503E /* TWBaseViewController.swift in Sources */,
				2E60183F21E7411A00BA2009 /* Log.swift in Sources */,
				962B3516219206B7007C503E /* LocalCoordinator.swift in Sources */,
				2E60185521E746CD00BA2009 /* PaymentViewModel.swift in Sources */,
				2E60182B21E740DB00BA2009 /* UIViewController+Extension.swift in Sources */,
				2E60183621E740DB00BA2009 /* NSObject+Extension.swift in Sources */,
				846F634121AD603F007BCACF /* SessionManager.swift in Sources */,
				962B3515219206B7007C503E /* APICoordinator.swift in Sources */,
				2E60182621E740DB00BA2009 /* UIDevice+Extension.swift in Sources */,
				84883DF721AC1719004F122C /* TWLocation.swift in Sources */,
				967C02802199C036002B4126 /* Ex+FIRUser.swift in Sources */,
				84883DF621AC1719004F122C /* TWTrend.swift in Sources */,
				2E60185A21E7480E00BA2009 /* BaseViewController.swift in Sources */,
				962B3546219206B7007C503E /* TabButton.swift in Sources */,
				2E60184321E7411A00BA2009 /* ErrorTracker.swift in Sources */,
				2E60184821E7415C00BA2009 /* BaseService.swift in Sources */,
				84883DC921ABFE52004F122C /* LoginViewController.swift in Sources */,
				2E60183521E740DB00BA2009 /* UITextView+Extension.swift in Sources */,
				962B3514219206B7007C503E /* RouteCoordinator.swift in Sources */,
				2E60183421E740DB00BA2009 /* UITextField+Extension.swift in Sources */,
				2E60183321E740DB00BA2009 /* UILabel+Extension.swift in Sources */,
				2E60183221E740DB00BA2009 /* UIView+Extension.swift in Sources */,
				84883DF521AC1719004F122C /* ProviderInfor.swift in Sources */,
				2E60184221E7411A00BA2009 /* UserDefault.swift in Sources */,
				BB418B3C21AE221800789033 /* TwitterSession.swift in Sources */,
				84883E0321AC1719004F122C /* Response.swift in Sources */,
				2E60182D21E740DB00BA2009 /* Observable+Extension.swift in Sources */,
				84883E0721AC1719004F122C /* eNum.swift in Sources */,
				2E60185F21E7483700BA2009 /* ViewWithXib.swift in Sources */,
				967C02822199C3F4002B4126 /* UIManager.swift in Sources */,
				84883E1021AC172D004F122C /* JsonSample.swift in Sources */,
				84883DF321AC1719004F122C /* UIImage+Rx.swift in Sources */,
				962B353A219206B7007C503E /* LocTrendingVC.swift in Sources */,
				2E60184121E7411A00BA2009 /* RxImagePickerControllerDelegateProxy.swift in Sources */,
				962B353F219206B7007C503E /* InputViewController.swift in Sources */,
				962B3536219206B7007C503E /* TwitterAPI.swift in Sources */,
				962B3538219206B7007C503E /* SearchTimelineVC.swift in Sources */,
				2E60182721E740DB00BA2009 /* Array+Extension.swift in Sources */,
				96597E37219A810F00E8B3A0 /* PermissionCoordinator.swift in Sources */,
				962B351C219206B7007C503E /* Common.swift in Sources */,
				969999DD2190A71700E39B37 /* AppDelegate.swift in Sources */,
				2E60185921E7480E00BA2009 /* BaseViewModel.swift in Sources */,
				2E60182921E740DB00BA2009 /* UICollectionView+Extension.swift in Sources */,
				2E60183121E740DB00BA2009 /* UIImagePickerController+RxSwift.swift in Sources */,
				2E60184921E7415C00BA2009 /* Constants.swift in Sources */,
				2E60183021E740DB00BA2009 /* TimeInterval+Extension.swift in Sources */,
				2E60184021E7411A00BA2009 /* Error.swift in Sources */,
				962B3537219206B7007C503E /* PerformancesVC.swift in Sources */,
				84883DCF21ABFF3B004F122C /* MenuViewController.swift in Sources */,
				962B3548219206B7007C503E /* LoadingView.swift in Sources */,
				2E60186021E7483700BA2009 /* IndicatorCustomView.swift in Sources */,
				846F633A21AD3664007BCACF /* LoginByTwitterView.swift in Sources */,
				2E60185421E746CD00BA2009 /* PaymentViewController.swift in Sources */,
				846F633F21AD5EBF007BCACF /* SocialManager.swift in Sources */,
				2E60182A21E740DB00BA2009 /* String+Extension.swift in Sources */,
				2E60184A21E7415C00BA2009 /* API.swift in Sources */,
				2E60182F21E740DB00BA2009 /* UITableView+Extension.swift in Sources */,
			);
			runOnlyForDeploymentPostprocessing = 0;
		};
/* End PBXSourcesBuildPhase section */

/* Begin PBXVariantGroup section */
		969999E52190A71900E39B37 /* LaunchScreen.storyboard */ = {
			isa = PBXVariantGroup;
			children = (
				969999E62190A71900E39B37 /* Base */,
			);
			name = LaunchScreen.storyboard;
			sourceTree = "<group>";
		};
/* End PBXVariantGroup section */

/* Begin XCBuildConfiguration section */
		969999E92190A71900E39B37 /* Debug */ = {
			isa = XCBuildConfiguration;
			buildSettings = {
				ALWAYS_SEARCH_USER_PATHS = NO;
				CLANG_ANALYZER_NONNULL = YES;
				CLANG_ANALYZER_NUMBER_OBJECT_CONVERSION = YES_AGGRESSIVE;
				CLANG_CXX_LANGUAGE_STANDARD = "gnu++14";
				CLANG_CXX_LIBRARY = "libc++";
				CLANG_ENABLE_MODULES = YES;
				CLANG_ENABLE_OBJC_ARC = YES;
				CLANG_ENABLE_OBJC_WEAK = YES;
				CLANG_WARN_BLOCK_CAPTURE_AUTORELEASING = YES;
				CLANG_WARN_BOOL_CONVERSION = YES;
				CLANG_WARN_COMMA = YES;
				CLANG_WARN_CONSTANT_CONVERSION = YES;
				CLANG_WARN_DEPRECATED_OBJC_IMPLEMENTATIONS = YES;
				CLANG_WARN_DIRECT_OBJC_ISA_USAGE = YES_ERROR;
				CLANG_WARN_DOCUMENTATION_COMMENTS = YES;
				CLANG_WARN_EMPTY_BODY = YES;
				CLANG_WARN_ENUM_CONVERSION = YES;
				CLANG_WARN_INFINITE_RECURSION = YES;
				CLANG_WARN_INT_CONVERSION = YES;
				CLANG_WARN_NON_LITERAL_NULL_CONVERSION = YES;
				CLANG_WARN_OBJC_IMPLICIT_RETAIN_SELF = YES;
				CLANG_WARN_OBJC_LITERAL_CONVERSION = YES;
				CLANG_WARN_OBJC_ROOT_CLASS = YES_ERROR;
				CLANG_WARN_RANGE_LOOP_ANALYSIS = YES;
				CLANG_WARN_STRICT_PROTOTYPES = YES;
				CLANG_WARN_SUSPICIOUS_MOVE = YES;
				CLANG_WARN_UNGUARDED_AVAILABILITY = YES_AGGRESSIVE;
				CLANG_WARN_UNREACHABLE_CODE = YES;
				CLANG_WARN__DUPLICATE_METHOD_MATCH = YES;
				CODE_SIGN_IDENTITY = "iPhone Developer";
				COPY_PHASE_STRIP = NO;
				DEBUG_INFORMATION_FORMAT = dwarf;
				ENABLE_STRICT_OBJC_MSGSEND = YES;
				ENABLE_TESTABILITY = YES;
				GCC_C_LANGUAGE_STANDARD = gnu11;
				GCC_DYNAMIC_NO_PIC = NO;
				GCC_NO_COMMON_BLOCKS = YES;
				GCC_OPTIMIZATION_LEVEL = 0;
				GCC_PREPROCESSOR_DEFINITIONS = (
					"DEBUG=1",
					"$(inherited)",
				);
				GCC_WARN_64_TO_32_BIT_CONVERSION = YES;
				GCC_WARN_ABOUT_RETURN_TYPE = YES_ERROR;
				GCC_WARN_UNDECLARED_SELECTOR = YES;
				GCC_WARN_UNINITIALIZED_AUTOS = YES_AGGRESSIVE;
				GCC_WARN_UNUSED_FUNCTION = YES;
				GCC_WARN_UNUSED_VARIABLE = YES;
				IPHONEOS_DEPLOYMENT_TARGET = 12.0;
				MTL_ENABLE_DEBUG_INFO = INCLUDE_SOURCE;
				MTL_FAST_MATH = YES;
				ONLY_ACTIVE_ARCH = YES;
				SDKROOT = iphoneos;
				SWIFT_ACTIVE_COMPILATION_CONDITIONS = DEBUG;
				SWIFT_OPTIMIZATION_LEVEL = "-Onone";
			};
			name = Debug;
		};
		969999EA2190A71900E39B37 /* Release */ = {
			isa = XCBuildConfiguration;
			buildSettings = {
				ALWAYS_SEARCH_USER_PATHS = NO;
				CLANG_ANALYZER_NONNULL = YES;
				CLANG_ANALYZER_NUMBER_OBJECT_CONVERSION = YES_AGGRESSIVE;
				CLANG_CXX_LANGUAGE_STANDARD = "gnu++14";
				CLANG_CXX_LIBRARY = "libc++";
				CLANG_ENABLE_MODULES = YES;
				CLANG_ENABLE_OBJC_ARC = YES;
				CLANG_ENABLE_OBJC_WEAK = YES;
				CLANG_WARN_BLOCK_CAPTURE_AUTORELEASING = YES;
				CLANG_WARN_BOOL_CONVERSION = YES;
				CLANG_WARN_COMMA = YES;
				CLANG_WARN_CONSTANT_CONVERSION = YES;
				CLANG_WARN_DEPRECATED_OBJC_IMPLEMENTATIONS = YES;
				CLANG_WARN_DIRECT_OBJC_ISA_USAGE = YES_ERROR;
				CLANG_WARN_DOCUMENTATION_COMMENTS = YES;
				CLANG_WARN_EMPTY_BODY = YES;
				CLANG_WARN_ENUM_CONVERSION = YES;
				CLANG_WARN_INFINITE_RECURSION = YES;
				CLANG_WARN_INT_CONVERSION = YES;
				CLANG_WARN_NON_LITERAL_NULL_CONVERSION = YES;
				CLANG_WARN_OBJC_IMPLICIT_RETAIN_SELF = YES;
				CLANG_WARN_OBJC_LITERAL_CONVERSION = YES;
				CLANG_WARN_OBJC_ROOT_CLASS = YES_ERROR;
				CLANG_WARN_RANGE_LOOP_ANALYSIS = YES;
				CLANG_WARN_STRICT_PROTOTYPES = YES;
				CLANG_WARN_SUSPICIOUS_MOVE = YES;
				CLANG_WARN_UNGUARDED_AVAILABILITY = YES_AGGRESSIVE;
				CLANG_WARN_UNREACHABLE_CODE = YES;
				CLANG_WARN__DUPLICATE_METHOD_MATCH = YES;
				CODE_SIGN_IDENTITY = "iPhone Developer";
				COPY_PHASE_STRIP = NO;
				DEBUG_INFORMATION_FORMAT = "dwarf-with-dsym";
				ENABLE_NS_ASSERTIONS = NO;
				ENABLE_STRICT_OBJC_MSGSEND = YES;
				GCC_C_LANGUAGE_STANDARD = gnu11;
				GCC_NO_COMMON_BLOCKS = YES;
				GCC_WARN_64_TO_32_BIT_CONVERSION = YES;
				GCC_WARN_ABOUT_RETURN_TYPE = YES_ERROR;
				GCC_WARN_UNDECLARED_SELECTOR = YES;
				GCC_WARN_UNINITIALIZED_AUTOS = YES_AGGRESSIVE;
				GCC_WARN_UNUSED_FUNCTION = YES;
				GCC_WARN_UNUSED_VARIABLE = YES;
				IPHONEOS_DEPLOYMENT_TARGET = 12.0;
				MTL_ENABLE_DEBUG_INFO = NO;
				MTL_FAST_MATH = YES;
				SDKROOT = iphoneos;
				SWIFT_COMPILATION_MODE = wholemodule;
				SWIFT_OPTIMIZATION_LEVEL = "-O";
				VALIDATE_PRODUCT = YES;
			};
			name = Release;
		};
		969999EC2190A71900E39B37 /* Debug */ = {
			isa = XCBuildConfiguration;
			baseConfigurationReference = 17A34678139E00F29E7377B6 /* Pods-TrendAI.debug.xcconfig */;
			buildSettings = {
				ASSETCATALOG_COMPILER_APPICON_NAME = AppIcon;
				CODE_SIGN_STYLE = Manual;
				DEVELOPMENT_TEAM = MAMNV3RD7K;
				INFOPLIST_FILE = TrendAI/Info.plist;
				IPHONEOS_DEPLOYMENT_TARGET = 10.0;
				LD_RUNPATH_SEARCH_PATHS = (
					"$(inherited)",
					"@executable_path/Frameworks",
				);
				PRODUCT_BUNDLE_IDENTIFIER = ai.deepsocial.TrendAI;
				PRODUCT_NAME = "$(TARGET_NAME)";
				PROVISIONING_PROFILE_SPECIFIER = "TrendAI Development";
				SWIFT_OBJC_BRIDGING_HEADER = "$(SRCROOT)/TrendAI/Bridging_Header.h";
				SWIFT_VERSION = 4.2;
				TARGETED_DEVICE_FAMILY = "1,2";
			};
			name = Debug;
		};
		969999ED2190A71900E39B37 /* Release */ = {
			isa = XCBuildConfiguration;
			baseConfigurationReference = 44348018D665E302307A0EA1 /* Pods-TrendAI.release.xcconfig */;
			buildSettings = {
				ASSETCATALOG_COMPILER_APPICON_NAME = AppIcon;
				CODE_SIGN_IDENTITY = "iPhone Distribution";
				CODE_SIGN_STYLE = Manual;
				DEVELOPMENT_TEAM = MAMNV3RD7K;
				INFOPLIST_FILE = TrendAI/Info.plist;
				IPHONEOS_DEPLOYMENT_TARGET = 10.0;
				LD_RUNPATH_SEARCH_PATHS = (
					"$(inherited)",
					"@executable_path/Frameworks",
				);
				PRODUCT_BUNDLE_IDENTIFIER = ai.deepsocial.TrendAI;
				PRODUCT_NAME = "$(TARGET_NAME)";
				PROVISIONING_PROFILE_SPECIFIER = "TrendAI Distribution";
				SWIFT_OBJC_BRIDGING_HEADER = "$(SRCROOT)/TrendAI/Bridging_Header.h";
				SWIFT_VERSION = 4.2;
				TARGETED_DEVICE_FAMILY = "1,2";
			};
			name = Release;
		};
/* End XCBuildConfiguration section */

/* Begin XCConfigurationList section */
		969999D42190A71700E39B37 /* Build configuration list for PBXProject "TrendAI" */ = {
			isa = XCConfigurationList;
			buildConfigurations = (
				969999E92190A71900E39B37 /* Debug */,
				969999EA2190A71900E39B37 /* Release */,
			);
			defaultConfigurationIsVisible = 0;
			defaultConfigurationName = Release;
		};
		969999EB2190A71900E39B37 /* Build configuration list for PBXNativeTarget "TrendAI" */ = {
			isa = XCConfigurationList;
			buildConfigurations = (
				969999EC2190A71900E39B37 /* Debug */,
				969999ED2190A71900E39B37 /* Release */,
			);
			defaultConfigurationIsVisible = 0;
			defaultConfigurationName = Release;
		};
/* End XCConfigurationList section */
	};
	rootObject = 969999D12190A71700E39B37 /* Project object */;
}
