// !$*UTF8*$!
{
	archiveVersion = 1;
	classes = {
	};
	objectVersion = 50;
	objects = {

/* Begin PBXBuildFile section */
		4D8D6690271B95D827F6F67D /* Pods_TrendsAI.framework in Frameworks */ = {isa = PBXBuildFile; fileRef = F05CBB4D60E0D6F83CE04006 /* Pods_TrendsAI.framework */; };
		96105E1821873130003E3D60 /* RouteCoordinator.swift in Sources */ = {isa = PBXBuildFile; fileRef = 96105DB121873130003E3D60 /* RouteCoordinator.swift */; };
		96105E1921873130003E3D60 /* APICoordinator.swift in Sources */ = {isa = PBXBuildFile; fileRef = 96105DB221873130003E3D60 /* APICoordinator.swift */; };
		96105E1A21873130003E3D60 /* LocalCoordinator.swift in Sources */ = {isa = PBXBuildFile; fileRef = 96105DB321873130003E3D60 /* LocalCoordinator.swift */; };
		96105E1B21873130003E3D60 /* Menu.storyboard in Resources */ = {isa = PBXBuildFile; fileRef = 96105DB621873130003E3D60 /* Menu.storyboard */; };
		96105E1C21873130003E3D60 /* Login.storyboard in Resources */ = {isa = PBXBuildFile; fileRef = 96105DB721873130003E3D60 /* Login.storyboard */; };
		96105E1D21873130003E3D60 /* Tabbar.storyboard in Resources */ = {isa = PBXBuildFile; fileRef = 96105DB821873130003E3D60 /* Tabbar.storyboard */; };
		96105E1E21873130003E3D60 /* Inputs.storyboard in Resources */ = {isa = PBXBuildFile; fileRef = 96105DB921873130003E3D60 /* Inputs.storyboard */; };
		96105E1F21873130003E3D60 /* Common.swift in Sources */ = {isa = PBXBuildFile; fileRef = 96105DBA21873130003E3D60 /* Common.swift */; };
		96105E2021873130003E3D60 /* EntitySection.swift in Sources */ = {isa = PBXBuildFile; fileRef = 96105DBC21873130003E3D60 /* EntitySection.swift */; };
		96105E2121873130003E3D60 /* DSErrors.swift in Sources */ = {isa = PBXBuildFile; fileRef = 96105DBD21873130003E3D60 /* DSErrors.swift */; };
		96105E2221873130003E3D60 /* FeatureItem.swift in Sources */ = {isa = PBXBuildFile; fileRef = 96105DBE21873130003E3D60 /* FeatureItem.swift */; };
		96105E2321873130003E3D60 /* UIImage+Rx.swift in Sources */ = {isa = PBXBuildFile; fileRef = 96105DC021873130003E3D60 /* UIImage+Rx.swift */; };
		96105E2421873130003E3D60 /* Ex-FIRUserInfo.swift in Sources */ = {isa = PBXBuildFile; fileRef = 96105DC121873130003E3D60 /* Ex-FIRUserInfo.swift */; };
		96105E2521873130003E3D60 /* ProviderInfor.swift in Sources */ = {isa = PBXBuildFile; fileRef = 96105DC221873130003E3D60 /* ProviderInfor.swift */; };
		96105E2621873130003E3D60 /* TWTrend.swift in Sources */ = {isa = PBXBuildFile; fileRef = 96105DC421873130003E3D60 /* TWTrend.swift */; };
		96105E2721873130003E3D60 /* TWLocation.swift in Sources */ = {isa = PBXBuildFile; fileRef = 96105DC521873130003E3D60 /* TWLocation.swift */; };
		96105E2821873130003E3D60 /* NLError.swift in Sources */ = {isa = PBXBuildFile; fileRef = 96105DC621873130003E3D60 /* NLError.swift */; };
		96105E2921873130003E3D60 /* NLSentiment.swift in Sources */ = {isa = PBXBuildFile; fileRef = 96105DC721873130003E3D60 /* NLSentiment.swift */; };
		96105E2A21873130003E3D60 /* EntitiesSection.swift in Sources */ = {isa = PBXBuildFile; fileRef = 96105DC821873130003E3D60 /* EntitiesSection.swift */; };
		96105E2C21873130003E3D60 /* CVDominantColor.swift in Sources */ = {isa = PBXBuildFile; fileRef = 96105DCB21873130003E3D60 /* CVDominantColor.swift */; };
		96105E2D21873130003E3D60 /* CVMatchingPage.swift in Sources */ = {isa = PBXBuildFile; fileRef = 96105DCC21873130003E3D60 /* CVMatchingPage.swift */; };
		96105E2E21873130003E3D60 /* CVSafeSearchAnnotation.swift in Sources */ = {isa = PBXBuildFile; fileRef = 96105DCD21873130003E3D60 /* CVSafeSearchAnnotation.swift */; };
		96105E2F21873130003E3D60 /* CVLabel.swift in Sources */ = {isa = PBXBuildFile; fileRef = 96105DCE21873130003E3D60 /* CVLabel.swift */; };
		96105E3021873130003E3D60 /* CVWebEntity.swift in Sources */ = {isa = PBXBuildFile; fileRef = 96105DCF21873130003E3D60 /* CVWebEntity.swift */; };
		96105E3121873130003E3D60 /* CVWebDetection.swift in Sources */ = {isa = PBXBuildFile; fileRef = 96105DD021873130003E3D60 /* CVWebDetection.swift */; };
		96105E3221873130003E3D60 /* CVTextAnnotation.swift in Sources */ = {isa = PBXBuildFile; fileRef = 96105DD121873130003E3D60 /* CVTextAnnotation.swift */; };
		96105E3321873130003E3D60 /* NLEntity.swift in Sources */ = {isa = PBXBuildFile; fileRef = 96105DD221873130003E3D60 /* NLEntity.swift */; };
		96105E3421873130003E3D60 /* Response.swift in Sources */ = {isa = PBXBuildFile; fileRef = 96105DD321873130003E3D60 /* Response.swift */; };
		96105E3521873130003E3D60 /* CSConfidence.swift in Sources */ = {isa = PBXBuildFile; fileRef = 96105DD521873130003E3D60 /* CSConfidence.swift */; };
		96105E3621873130003E3D60 /* NLSentence.swift in Sources */ = {isa = PBXBuildFile; fileRef = 96105DD621873130003E3D60 /* NLSentence.swift */; };
		96105E3721873130003E3D60 /* NLCategory.swift in Sources */ = {isa = PBXBuildFile; fileRef = 96105DD721873130003E3D60 /* NLCategory.swift */; };
		96105E3821873130003E3D60 /* eNum.swift in Sources */ = {isa = PBXBuildFile; fileRef = 96105DD821873130003E3D60 /* eNum.swift */; };
		96105E3921873130003E3D60 /* Attribute.swift in Sources */ = {isa = PBXBuildFile; fileRef = 96105DD921873130003E3D60 /* Attribute.swift */; };
		96105E3A21873130003E3D60 /* TwitterAPI.swift in Sources */ = {isa = PBXBuildFile; fileRef = 96105DDB21873130003E3D60 /* TwitterAPI.swift */; };
		96105E3C21873130003E3D60 /* PerformancesVC.swift in Sources */ = {isa = PBXBuildFile; fileRef = 96105DDF21873130003E3D60 /* PerformancesVC.swift */; };
		96105E3D21873130003E3D60 /* SearchTimelineVC.swift in Sources */ = {isa = PBXBuildFile; fileRef = 96105DE121873130003E3D60 /* SearchTimelineVC.swift */; };
		96105E3E21873130003E3D60 /* TrendingVC.swift in Sources */ = {isa = PBXBuildFile; fileRef = 96105DE221873130003E3D60 /* TrendingVC.swift */; };
		96105E3F21873130003E3D60 /* LocTrendingVC.swift in Sources */ = {isa = PBXBuildFile; fileRef = 96105DE321873130003E3D60 /* LocTrendingVC.swift */; };
		96105E4021873130003E3D60 /* TabController.swift in Sources */ = {isa = PBXBuildFile; fileRef = 96105DE521873130003E3D60 /* TabController.swift */; };
		96105E4121873130003E3D60 /* AvailableLocationsVC.swift in Sources */ = {isa = PBXBuildFile; fileRef = 96105DE721873130003E3D60 /* AvailableLocationsVC.swift */; };
		96105E4B21873130003E3D60 /* LoginViewController.swift in Sources */ = {isa = PBXBuildFile; fileRef = 96105DF321873130003E3D60 /* LoginViewController.swift */; };
		96105E4C21873130003E3D60 /* MenuViewController.swift in Sources */ = {isa = PBXBuildFile; fileRef = 96105DF421873130003E3D60 /* MenuViewController.swift */; };
		96105E4D21873130003E3D60 /* InputViewController.swift in Sources */ = {isa = PBXBuildFile; fileRef = 96105DF621873130003E3D60 /* InputViewController.swift */; };
		96105E4E21873130003E3D60 /* TWBaseViewController.swift in Sources */ = {isa = PBXBuildFile; fileRef = 96105DF721873130003E3D60 /* TWBaseViewController.swift */; };
		96105E4F21873131003E3D60 /* deepsocial-key.json in Resources */ = {isa = PBXBuildFile; fileRef = 96105DF921873130003E3D60 /* deepsocial-key.json */; };
		96105E5021873131003E3D60 /* youve-been-a-very-good.wav in Resources */ = {isa = PBXBuildFile; fileRef = 96105DFA21873130003E3D60 /* youve-been-a-very-good.wav */; };
		96105E5121873131003E3D60 /* JsonSample.swift in Sources */ = {isa = PBXBuildFile; fileRef = 96105DFB21873130003E3D60 /* JsonSample.swift */; };
		96105E5221873131003E3D60 /* bus.jpg in Resources */ = {isa = PBXBuildFile; fileRef = 96105DFC21873130003E3D60 /* bus.jpg */; };
		96105E5321873131003E3D60 /* LocationCell.swift in Sources */ = {isa = PBXBuildFile; fileRef = 96105DFF21873130003E3D60 /* LocationCell.swift */; };
		96105E5421873131003E3D60 /* TabButton.swift in Sources */ = {isa = PBXBuildFile; fileRef = 96105E0121873130003E3D60 /* TabButton.swift */; };
		96105E5521873131003E3D60 /* LoadingView.xib in Resources */ = {isa = PBXBuildFile; fileRef = 96105E0321873130003E3D60 /* LoadingView.xib */; };
		96105E5621873131003E3D60 /* LoadingView.swift in Sources */ = {isa = PBXBuildFile; fileRef = 96105E0421873130003E3D60 /* LoadingView.swift */; };
		96105E5721873131003E3D60 /* ConfidenceCell.xib in Resources */ = {isa = PBXBuildFile; fileRef = 96105E0621873130003E3D60 /* ConfidenceCell.xib */; };
		96105E5821873131003E3D60 /* EntitySentimentCell.xib in Resources */ = {isa = PBXBuildFile; fileRef = 96105E0721873130003E3D60 /* EntitySentimentCell.xib */; };
		96105E5921873131003E3D60 /* UserInputCell.xib in Resources */ = {isa = PBXBuildFile; fileRef = 96105E0821873130003E3D60 /* UserInputCell.xib */; };
		96105E5A21873131003E3D60 /* CVWebCell.xib in Resources */ = {isa = PBXBuildFile; fileRef = 96105E0921873130003E3D60 /* CVWebCell.xib */; };
		96105E5B21873131003E3D60 /* CVWebCell.swift in Sources */ = {isa = PBXBuildFile; fileRef = 96105E0A21873130003E3D60 /* CVWebCell.swift */; };
		96105E5C21873131003E3D60 /* DetectedTextCell.swift in Sources */ = {isa = PBXBuildFile; fileRef = 96105E0B21873130003E3D60 /* DetectedTextCell.swift */; };
		96105E5D21873131003E3D60 /* DetectedTextCell.xib in Resources */ = {isa = PBXBuildFile; fileRef = 96105E0C21873130003E3D60 /* DetectedTextCell.xib */; };
		96105E5E21873131003E3D60 /* UserInputCell.swift in Sources */ = {isa = PBXBuildFile; fileRef = 96105E0D21873130003E3D60 /* UserInputCell.swift */; };
		96105E5F21873131003E3D60 /* ConfidenceCell.swift in Sources */ = {isa = PBXBuildFile; fileRef = 96105E0E21873130003E3D60 /* ConfidenceCell.swift */; };
		96105E6021873131003E3D60 /* EntityCell.swift in Sources */ = {isa = PBXBuildFile; fileRef = 96105E0F21873130003E3D60 /* EntityCell.swift */; };
		96105E6121873131003E3D60 /* CVLabelCell.xib in Resources */ = {isa = PBXBuildFile; fileRef = 96105E1021873130003E3D60 /* CVLabelCell.xib */; };
		96105E6221873131003E3D60 /* CVLabelCell.swift in Sources */ = {isa = PBXBuildFile; fileRef = 96105E1121873130003E3D60 /* CVLabelCell.swift */; };
		96105E6321873131003E3D60 /* EntityCell.xib in Resources */ = {isa = PBXBuildFile; fileRef = 96105E1221873130003E3D60 /* EntityCell.xib */; };
		96105E6421873131003E3D60 /* SentenceCell.xib in Resources */ = {isa = PBXBuildFile; fileRef = 96105E1321873130003E3D60 /* SentenceCell.xib */; };
		96105E6521873131003E3D60 /* EntitySentimentCell.swift in Sources */ = {isa = PBXBuildFile; fileRef = 96105E1421873130003E3D60 /* EntitySentimentCell.swift */; };
		96105E6621873131003E3D60 /* SentenceCell.swift in Sources */ = {isa = PBXBuildFile; fileRef = 96105E1521873130003E3D60 /* SentenceCell.swift */; };
		96105E6721873131003E3D60 /* ButtonWithImageAndTitleExtension.swift in Sources */ = {isa = PBXBuildFile; fileRef = 96105E1721873130003E3D60 /* ButtonWithImageAndTitleExtension.swift */; };
		96105E6A21875B36003E3D60 /* TTGTagCollectionView.framework in Frameworks */ = {isa = PBXBuildFile; fileRef = 96105E6921875B36003E3D60 /* TTGTagCollectionView.framework */; };
		96105E6B21875B36003E3D60 /* TTGTagCollectionView.framework in Embed Frameworks */ = {isa = PBXBuildFile; fileRef = 96105E6921875B36003E3D60 /* TTGTagCollectionView.framework */; settings = {ATTRIBUTES = (CodeSignOnCopy, RemoveHeadersOnCopy, ); }; };
		962CF3602180D36B0034B8E1 /* GoogleService-Info.plist in Resources */ = {isa = PBXBuildFile; fileRef = 962CF35F2180D36B0034B8E1 /* GoogleService-Info.plist */; };
		9635A8FE217F81D000474C3F /* AppDelegate.swift in Sources */ = {isa = PBXBuildFile; fileRef = 9635A8FD217F81D000474C3F /* AppDelegate.swift */; };
		9635A900217F81D000474C3F /* ViewController.swift in Sources */ = {isa = PBXBuildFile; fileRef = 9635A8FF217F81D000474C3F /* ViewController.swift */; };
		9635A905217F81D200474C3F /* Assets.xcassets in Resources */ = {isa = PBXBuildFile; fileRef = 9635A904217F81D200474C3F /* Assets.xcassets */; };
		9635A908217F81D200474C3F /* LaunchScreen.storyboard in Resources */ = {isa = PBXBuildFile; fileRef = 9635A906217F81D200474C3F /* LaunchScreen.storyboard */; };
		96A153AA2187738F00BF5F82 /* Pods_TrendsAI.framework in Embed Frameworks */ = {isa = PBXBuildFile; fileRef = F05CBB4D60E0D6F83CE04006 /* Pods_TrendsAI.framework */; settings = {ATTRIBUTES = (CodeSignOnCopy, RemoveHeadersOnCopy, ); }; };
		96A153AF2187DE6500BF5F82 /* Main.storyboard in Resources */ = {isa = PBXBuildFile; fileRef = 96A153AE2187DE6500BF5F82 /* Main.storyboard */; };
/* End PBXBuildFile section */

/* Begin PBXCopyFilesBuildPhase section */
		96105E6C21875B36003E3D60 /* Embed Frameworks */ = {
			isa = PBXCopyFilesBuildPhase;
			buildActionMask = 2147483647;
			dstPath = "";
			dstSubfolderSpec = 10;
			files = (
				96A153AA2187738F00BF5F82 /* Pods_TrendsAI.framework in Embed Frameworks */,
				96105E6B21875B36003E3D60 /* TTGTagCollectionView.framework in Embed Frameworks */,
			);
			name = "Embed Frameworks";
			runOnlyForDeploymentPostprocessing = 0;
		};
/* End PBXCopyFilesBuildPhase section */

/* Begin PBXFileReference section */
		96105DB121873130003E3D60 /* RouteCoordinator.swift */ = {isa = PBXFileReference; fileEncoding = 4; lastKnownFileType = sourcecode.swift; path = RouteCoordinator.swift; sourceTree = "<group>"; };
		96105DB221873130003E3D60 /* APICoordinator.swift */ = {isa = PBXFileReference; fileEncoding = 4; lastKnownFileType = sourcecode.swift; path = APICoordinator.swift; sourceTree = "<group>"; };
		96105DB321873130003E3D60 /* LocalCoordinator.swift */ = {isa = PBXFileReference; fileEncoding = 4; lastKnownFileType = sourcecode.swift; path = LocalCoordinator.swift; sourceTree = "<group>"; };
		96105DB421873130003E3D60 /* ObjectiveC_bridging.h */ = {isa = PBXFileReference; fileEncoding = 4; lastKnownFileType = sourcecode.c.h; path = ObjectiveC_bridging.h; sourceTree = "<group>"; };
		96105DB621873130003E3D60 /* Menu.storyboard */ = {isa = PBXFileReference; fileEncoding = 4; lastKnownFileType = file.storyboard; path = Menu.storyboard; sourceTree = "<group>"; };
		96105DB721873130003E3D60 /* Login.storyboard */ = {isa = PBXFileReference; fileEncoding = 4; lastKnownFileType = file.storyboard; path = Login.storyboard; sourceTree = "<group>"; };
		96105DB821873130003E3D60 /* Tabbar.storyboard */ = {isa = PBXFileReference; fileEncoding = 4; lastKnownFileType = file.storyboard; path = Tabbar.storyboard; sourceTree = "<group>"; };
		96105DB921873130003E3D60 /* Inputs.storyboard */ = {isa = PBXFileReference; fileEncoding = 4; lastKnownFileType = file.storyboard; path = Inputs.storyboard; sourceTree = "<group>"; };
		96105DBA21873130003E3D60 /* Common.swift */ = {isa = PBXFileReference; fileEncoding = 4; lastKnownFileType = sourcecode.swift; path = Common.swift; sourceTree = "<group>"; };
		96105DBC21873130003E3D60 /* EntitySection.swift */ = {isa = PBXFileReference; fileEncoding = 4; lastKnownFileType = sourcecode.swift; path = EntitySection.swift; sourceTree = "<group>"; };
		96105DBD21873130003E3D60 /* DSErrors.swift */ = {isa = PBXFileReference; fileEncoding = 4; lastKnownFileType = sourcecode.swift; path = DSErrors.swift; sourceTree = "<group>"; };
		96105DBE21873130003E3D60 /* FeatureItem.swift */ = {isa = PBXFileReference; fileEncoding = 4; lastKnownFileType = sourcecode.swift; path = FeatureItem.swift; sourceTree = "<group>"; };
		96105DC021873130003E3D60 /* UIImage+Rx.swift */ = {isa = PBXFileReference; fileEncoding = 4; lastKnownFileType = sourcecode.swift; path = "UIImage+Rx.swift"; sourceTree = "<group>"; };
		96105DC121873130003E3D60 /* Ex-FIRUserInfo.swift */ = {isa = PBXFileReference; fileEncoding = 4; lastKnownFileType = sourcecode.swift; path = "Ex-FIRUserInfo.swift"; sourceTree = "<group>"; };
		96105DC221873130003E3D60 /* ProviderInfor.swift */ = {isa = PBXFileReference; fileEncoding = 4; lastKnownFileType = sourcecode.swift; path = ProviderInfor.swift; sourceTree = "<group>"; };
		96105DC421873130003E3D60 /* TWTrend.swift */ = {isa = PBXFileReference; fileEncoding = 4; lastKnownFileType = sourcecode.swift; path = TWTrend.swift; sourceTree = "<group>"; };
		96105DC521873130003E3D60 /* TWLocation.swift */ = {isa = PBXFileReference; fileEncoding = 4; lastKnownFileType = sourcecode.swift; path = TWLocation.swift; sourceTree = "<group>"; };
		96105DC621873130003E3D60 /* NLError.swift */ = {isa = PBXFileReference; fileEncoding = 4; lastKnownFileType = sourcecode.swift; path = NLError.swift; sourceTree = "<group>"; };
		96105DC721873130003E3D60 /* NLSentiment.swift */ = {isa = PBXFileReference; fileEncoding = 4; lastKnownFileType = sourcecode.swift; path = NLSentiment.swift; sourceTree = "<group>"; };
		96105DC821873130003E3D60 /* EntitiesSection.swift */ = {isa = PBXFileReference; fileEncoding = 4; lastKnownFileType = sourcecode.swift; path = EntitiesSection.swift; sourceTree = "<group>"; };
		96105DCB21873130003E3D60 /* CVDominantColor.swift */ = {isa = PBXFileReference; fileEncoding = 4; lastKnownFileType = sourcecode.swift; path = CVDominantColor.swift; sourceTree = "<group>"; };
		96105DCC21873130003E3D60 /* CVMatchingPage.swift */ = {isa = PBXFileReference; fileEncoding = 4; lastKnownFileType = sourcecode.swift; path = CVMatchingPage.swift; sourceTree = "<group>"; };
		96105DCD21873130003E3D60 /* CVSafeSearchAnnotation.swift */ = {isa = PBXFileReference; fileEncoding = 4; lastKnownFileType = sourcecode.swift; path = CVSafeSearchAnnotation.swift; sourceTree = "<group>"; };
		96105DCE21873130003E3D60 /* CVLabel.swift */ = {isa = PBXFileReference; fileEncoding = 4; lastKnownFileType = sourcecode.swift; path = CVLabel.swift; sourceTree = "<group>"; };
		96105DCF21873130003E3D60 /* CVWebEntity.swift */ = {isa = PBXFileReference; fileEncoding = 4; lastKnownFileType = sourcecode.swift; path = CVWebEntity.swift; sourceTree = "<group>"; };
		96105DD021873130003E3D60 /* CVWebDetection.swift */ = {isa = PBXFileReference; fileEncoding = 4; lastKnownFileType = sourcecode.swift; path = CVWebDetection.swift; sourceTree = "<group>"; };
		96105DD121873130003E3D60 /* CVTextAnnotation.swift */ = {isa = PBXFileReference; fileEncoding = 4; lastKnownFileType = sourcecode.swift; path = CVTextAnnotation.swift; sourceTree = "<group>"; };
		96105DD221873130003E3D60 /* NLEntity.swift */ = {isa = PBXFileReference; fileEncoding = 4; lastKnownFileType = sourcecode.swift; path = NLEntity.swift; sourceTree = "<group>"; };
		96105DD321873130003E3D60 /* Response.swift */ = {isa = PBXFileReference; fileEncoding = 4; lastKnownFileType = sourcecode.swift; path = Response.swift; sourceTree = "<group>"; };
		96105DD521873130003E3D60 /* CSConfidence.swift */ = {isa = PBXFileReference; fileEncoding = 4; lastKnownFileType = sourcecode.swift; path = CSConfidence.swift; sourceTree = "<group>"; };
		96105DD621873130003E3D60 /* NLSentence.swift */ = {isa = PBXFileReference; fileEncoding = 4; lastKnownFileType = sourcecode.swift; path = NLSentence.swift; sourceTree = "<group>"; };
		96105DD721873130003E3D60 /* NLCategory.swift */ = {isa = PBXFileReference; fileEncoding = 4; lastKnownFileType = sourcecode.swift; path = NLCategory.swift; sourceTree = "<group>"; };
		96105DD821873130003E3D60 /* eNum.swift */ = {isa = PBXFileReference; fileEncoding = 4; lastKnownFileType = sourcecode.swift; path = eNum.swift; sourceTree = "<group>"; };
		96105DD921873130003E3D60 /* Attribute.swift */ = {isa = PBXFileReference; fileEncoding = 4; lastKnownFileType = sourcecode.swift; path = Attribute.swift; sourceTree = "<group>"; };
		96105DDB21873130003E3D60 /* TwitterAPI.swift */ = {isa = PBXFileReference; fileEncoding = 4; lastKnownFileType = sourcecode.swift; path = TwitterAPI.swift; sourceTree = "<group>"; };
		96105DDF21873130003E3D60 /* PerformancesVC.swift */ = {isa = PBXFileReference; fileEncoding = 4; lastKnownFileType = sourcecode.swift; path = PerformancesVC.swift; sourceTree = "<group>"; };
		96105DE121873130003E3D60 /* SearchTimelineVC.swift */ = {isa = PBXFileReference; fileEncoding = 4; lastKnownFileType = sourcecode.swift; path = SearchTimelineVC.swift; sourceTree = "<group>"; };
		96105DE221873130003E3D60 /* TrendingVC.swift */ = {isa = PBXFileReference; fileEncoding = 4; lastKnownFileType = sourcecode.swift; path = TrendingVC.swift; sourceTree = "<group>"; };
		96105DE321873130003E3D60 /* LocTrendingVC.swift */ = {isa = PBXFileReference; fileEncoding = 4; lastKnownFileType = sourcecode.swift; path = LocTrendingVC.swift; sourceTree = "<group>"; };
		96105DE521873130003E3D60 /* TabController.swift */ = {isa = PBXFileReference; fileEncoding = 4; lastKnownFileType = sourcecode.swift; path = TabController.swift; sourceTree = "<group>"; };
		96105DE721873130003E3D60 /* AvailableLocationsVC.swift */ = {isa = PBXFileReference; fileEncoding = 4; lastKnownFileType = sourcecode.swift; path = AvailableLocationsVC.swift; sourceTree = "<group>"; };
		96105DF321873130003E3D60 /* LoginViewController.swift */ = {isa = PBXFileReference; fileEncoding = 4; lastKnownFileType = sourcecode.swift; path = LoginViewController.swift; sourceTree = "<group>"; };
		96105DF421873130003E3D60 /* MenuViewController.swift */ = {isa = PBXFileReference; fileEncoding = 4; lastKnownFileType = sourcecode.swift; path = MenuViewController.swift; sourceTree = "<group>"; };
		96105DF621873130003E3D60 /* InputViewController.swift */ = {isa = PBXFileReference; fileEncoding = 4; lastKnownFileType = sourcecode.swift; path = InputViewController.swift; sourceTree = "<group>"; };
		96105DF721873130003E3D60 /* TWBaseViewController.swift */ = {isa = PBXFileReference; fileEncoding = 4; lastKnownFileType = sourcecode.swift; path = TWBaseViewController.swift; sourceTree = "<group>"; };
		96105DF921873130003E3D60 /* deepsocial-key.json */ = {isa = PBXFileReference; fileEncoding = 4; lastKnownFileType = text.json; path = "deepsocial-key.json"; sourceTree = "<group>"; };
		96105DFA21873130003E3D60 /* youve-been-a-very-good.wav */ = {isa = PBXFileReference; lastKnownFileType = audio.wav; path = "youve-been-a-very-good.wav"; sourceTree = "<group>"; };
		96105DFB21873130003E3D60 /* JsonSample.swift */ = {isa = PBXFileReference; fileEncoding = 4; lastKnownFileType = sourcecode.swift; path = JsonSample.swift; sourceTree = "<group>"; };
		96105DFC21873130003E3D60 /* bus.jpg */ = {isa = PBXFileReference; lastKnownFileType = image.jpeg; path = bus.jpg; sourceTree = "<group>"; };
		96105DFF21873130003E3D60 /* LocationCell.swift */ = {isa = PBXFileReference; fileEncoding = 4; lastKnownFileType = sourcecode.swift; path = LocationCell.swift; sourceTree = "<group>"; };
		96105E0121873130003E3D60 /* TabButton.swift */ = {isa = PBXFileReference; fileEncoding = 4; lastKnownFileType = sourcecode.swift; path = TabButton.swift; sourceTree = "<group>"; };
		96105E0321873130003E3D60 /* LoadingView.xib */ = {isa = PBXFileReference; fileEncoding = 4; lastKnownFileType = file.xib; path = LoadingView.xib; sourceTree = "<group>"; };
		96105E0421873130003E3D60 /* LoadingView.swift */ = {isa = PBXFileReference; fileEncoding = 4; lastKnownFileType = sourcecode.swift; path = LoadingView.swift; sourceTree = "<group>"; };
		96105E0621873130003E3D60 /* ConfidenceCell.xib */ = {isa = PBXFileReference; fileEncoding = 4; lastKnownFileType = file.xib; path = ConfidenceCell.xib; sourceTree = "<group>"; };
		96105E0721873130003E3D60 /* EntitySentimentCell.xib */ = {isa = PBXFileReference; fileEncoding = 4; lastKnownFileType = file.xib; path = EntitySentimentCell.xib; sourceTree = "<group>"; };
		96105E0821873130003E3D60 /* UserInputCell.xib */ = {isa = PBXFileReference; fileEncoding = 4; lastKnownFileType = file.xib; path = UserInputCell.xib; sourceTree = "<group>"; };
		96105E0921873130003E3D60 /* CVWebCell.xib */ = {isa = PBXFileReference; fileEncoding = 4; lastKnownFileType = file.xib; path = CVWebCell.xib; sourceTree = "<group>"; };
		96105E0A21873130003E3D60 /* CVWebCell.swift */ = {isa = PBXFileReference; fileEncoding = 4; lastKnownFileType = sourcecode.swift; path = CVWebCell.swift; sourceTree = "<group>"; };
		96105E0B21873130003E3D60 /* DetectedTextCell.swift */ = {isa = PBXFileReference; fileEncoding = 4; lastKnownFileType = sourcecode.swift; path = DetectedTextCell.swift; sourceTree = "<group>"; };
		96105E0C21873130003E3D60 /* DetectedTextCell.xib */ = {isa = PBXFileReference; fileEncoding = 4; lastKnownFileType = file.xib; path = DetectedTextCell.xib; sourceTree = "<group>"; };
		96105E0D21873130003E3D60 /* UserInputCell.swift */ = {isa = PBXFileReference; fileEncoding = 4; lastKnownFileType = sourcecode.swift; path = UserInputCell.swift; sourceTree = "<group>"; };
		96105E0E21873130003E3D60 /* ConfidenceCell.swift */ = {isa = PBXFileReference; fileEncoding = 4; lastKnownFileType = sourcecode.swift; path = ConfidenceCell.swift; sourceTree = "<group>"; };
		96105E0F21873130003E3D60 /* EntityCell.swift */ = {isa = PBXFileReference; fileEncoding = 4; lastKnownFileType = sourcecode.swift; path = EntityCell.swift; sourceTree = "<group>"; };
		96105E1021873130003E3D60 /* CVLabelCell.xib */ = {isa = PBXFileReference; fileEncoding = 4; lastKnownFileType = file.xib; path = CVLabelCell.xib; sourceTree = "<group>"; };
		96105E1121873130003E3D60 /* CVLabelCell.swift */ = {isa = PBXFileReference; fileEncoding = 4; lastKnownFileType = sourcecode.swift; path = CVLabelCell.swift; sourceTree = "<group>"; };
		96105E1221873130003E3D60 /* EntityCell.xib */ = {isa = PBXFileReference; fileEncoding = 4; lastKnownFileType = file.xib; path = EntityCell.xib; sourceTree = "<group>"; };
		96105E1321873130003E3D60 /* SentenceCell.xib */ = {isa = PBXFileReference; fileEncoding = 4; lastKnownFileType = file.xib; path = SentenceCell.xib; sourceTree = "<group>"; };
		96105E1421873130003E3D60 /* EntitySentimentCell.swift */ = {isa = PBXFileReference; fileEncoding = 4; lastKnownFileType = sourcecode.swift; path = EntitySentimentCell.swift; sourceTree = "<group>"; };
		96105E1521873130003E3D60 /* SentenceCell.swift */ = {isa = PBXFileReference; fileEncoding = 4; lastKnownFileType = sourcecode.swift; path = SentenceCell.swift; sourceTree = "<group>"; };
		96105E1721873130003E3D60 /* ButtonWithImageAndTitleExtension.swift */ = {isa = PBXFileReference; fileEncoding = 4; lastKnownFileType = sourcecode.swift; path = ButtonWithImageAndTitleExtension.swift; sourceTree = "<group>"; };
		96105E6921875B36003E3D60 /* TTGTagCollectionView.framework */ = {isa = PBXFileReference; lastKnownFileType = wrapper.framework; name = TTGTagCollectionView.framework; path = Carthage/Build/iOS/TTGTagCollectionView.framework; sourceTree = "<group>"; };
		962CF35F2180D36B0034B8E1 /* GoogleService-Info.plist */ = {isa = PBXFileReference; fileEncoding = 4; lastKnownFileType = text.plist.xml; path = "GoogleService-Info.plist"; sourceTree = "<group>"; };
		9635A8FA217F81D000474C3F /* TrendsAI.app */ = {isa = PBXFileReference; explicitFileType = wrapper.application; includeInIndex = 0; path = TrendsAI.app; sourceTree = BUILT_PRODUCTS_DIR; };
		9635A8FD217F81D000474C3F /* AppDelegate.swift */ = {isa = PBXFileReference; lastKnownFileType = sourcecode.swift; path = AppDelegate.swift; sourceTree = "<group>"; };
		9635A8FF217F81D000474C3F /* ViewController.swift */ = {isa = PBXFileReference; lastKnownFileType = sourcecode.swift; path = ViewController.swift; sourceTree = "<group>"; };
		9635A904217F81D200474C3F /* Assets.xcassets */ = {isa = PBXFileReference; lastKnownFileType = folder.assetcatalog; path = Assets.xcassets; sourceTree = "<group>"; };
		9635A907217F81D200474C3F /* Base */ = {isa = PBXFileReference; lastKnownFileType = file.storyboard; name = Base; path = Base.lproj/LaunchScreen.storyboard; sourceTree = "<group>"; };
		9635A909217F81D200474C3F /* Info.plist */ = {isa = PBXFileReference; lastKnownFileType = text.plist.xml; path = Info.plist; sourceTree = "<group>"; };
		96A153AE2187DE6500BF5F82 /* Main.storyboard */ = {isa = PBXFileReference; fileEncoding = 4; lastKnownFileType = file.storyboard; path = Main.storyboard; sourceTree = "<group>"; };
		9A3AB64EAA29898CD51EECB8 /* Pods-TrendsAI.debug.xcconfig */ = {isa = PBXFileReference; includeInIndex = 1; lastKnownFileType = text.xcconfig; name = "Pods-TrendsAI.debug.xcconfig"; path = "Pods/Target Support Files/Pods-TrendsAI/Pods-TrendsAI.debug.xcconfig"; sourceTree = "<group>"; };
		A9669917A4ED3A1B28B673B6 /* Pods-TrendsAI.release.xcconfig */ = {isa = PBXFileReference; includeInIndex = 1; lastKnownFileType = text.xcconfig; name = "Pods-TrendsAI.release.xcconfig"; path = "Pods/Target Support Files/Pods-TrendsAI/Pods-TrendsAI.release.xcconfig"; sourceTree = "<group>"; };
		F05CBB4D60E0D6F83CE04006 /* Pods_TrendsAI.framework */ = {isa = PBXFileReference; explicitFileType = wrapper.framework; includeInIndex = 0; path = Pods_TrendsAI.framework; sourceTree = BUILT_PRODUCTS_DIR; };
/* End PBXFileReference section */

/* Begin PBXFrameworksBuildPhase section */
		9635A8F7217F81D000474C3F /* Frameworks */ = {
			isa = PBXFrameworksBuildPhase;
			buildActionMask = 2147483647;
			files = (
				96105E6A21875B36003E3D60 /* TTGTagCollectionView.framework in Frameworks */,
				4D8D6690271B95D827F6F67D /* Pods_TrendsAI.framework in Frameworks */,
			);
			runOnlyForDeploymentPostprocessing = 0;
		};
/* End PBXFrameworksBuildPhase section */

/* Begin PBXGroup section */
		65F81DDEF141973910CD959E /* Frameworks */ = {
			isa = PBXGroup;
			children = (
				96105E6921875B36003E3D60 /* TTGTagCollectionView.framework */,
				F05CBB4D60E0D6F83CE04006 /* Pods_TrendsAI.framework */,
			);
			name = Frameworks;
			sourceTree = "<group>";
		};
		96105DAF21873130003E3D60 /* SourceCode */ = {
			isa = PBXGroup;
			children = (
				96105DB021873130003E3D60 /* Coordinators */,
				96105DB421873130003E3D60 /* ObjectiveC_bridging.h */,
				96105DB521873130003E3D60 /* Storyboard */,
				96105DBA21873130003E3D60 /* Common.swift */,
				96105DBB21873130003E3D60 /* Models */,
				96105DDA21873130003E3D60 /* SocialAPIs */,
				96105DDD21873130003E3D60 /* ViewControllers */,
				96105DF821873130003E3D60 /* Resource */,
				96105DFD21873130003E3D60 /* Views */,
			);
			path = SourceCode;
			sourceTree = "<group>";
		};
		96105DB021873130003E3D60 /* Coordinators */ = {
			isa = PBXGroup;
			children = (
				96105DB121873130003E3D60 /* RouteCoordinator.swift */,
				96105DB221873130003E3D60 /* APICoordinator.swift */,
				96105DB321873130003E3D60 /* LocalCoordinator.swift */,
			);
			path = Coordinators;
			sourceTree = "<group>";
		};
		96105DB521873130003E3D60 /* Storyboard */ = {
			isa = PBXGroup;
			children = (
				96A153AE2187DE6500BF5F82 /* Main.storyboard */,
				96105DB621873130003E3D60 /* Menu.storyboard */,
				96105DB721873130003E3D60 /* Login.storyboard */,
				96105DB821873130003E3D60 /* Tabbar.storyboard */,
				96105DB921873130003E3D60 /* Inputs.storyboard */,
			);
			path = Storyboard;
			sourceTree = "<group>";
		};
		96105DBB21873130003E3D60 /* Models */ = {
			isa = PBXGroup;
			children = (
				96105DBC21873130003E3D60 /* EntitySection.swift */,
				96105DBD21873130003E3D60 /* DSErrors.swift */,
				96105DBE21873130003E3D60 /* FeatureItem.swift */,
				96105DBF21873130003E3D60 /* Extentsions */,
				96105DC221873130003E3D60 /* ProviderInfor.swift */,
				96105DC321873130003E3D60 /* Trend */,
				96105DC621873130003E3D60 /* NLError.swift */,
				96105DC721873130003E3D60 /* NLSentiment.swift */,
				96105DC821873130003E3D60 /* EntitiesSection.swift */,
				96105DCA21873130003E3D60 /* Image */,
				96105DD221873130003E3D60 /* NLEntity.swift */,
				96105DD321873130003E3D60 /* Response.swift */,
				96105DD421873130003E3D60 /* Voice */,
				96105DD621873130003E3D60 /* NLSentence.swift */,
				96105DD721873130003E3D60 /* NLCategory.swift */,
				96105DD821873130003E3D60 /* eNum.swift */,
				96105DD921873130003E3D60 /* Attribute.swift */,
			);
			path = Models;
			sourceTree = "<group>";
		};
		96105DBF21873130003E3D60 /* Extentsions */ = {
			isa = PBXGroup;
			children = (
				96105DC021873130003E3D60 /* UIImage+Rx.swift */,
				96105DC121873130003E3D60 /* Ex-FIRUserInfo.swift */,
			);
			path = Extentsions;
			sourceTree = "<group>";
		};
		96105DC321873130003E3D60 /* Trend */ = {
			isa = PBXGroup;
			children = (
				96105DC421873130003E3D60 /* TWTrend.swift */,
				96105DC521873130003E3D60 /* TWLocation.swift */,
			);
			path = Trend;
			sourceTree = "<group>";
		};
		96105DCA21873130003E3D60 /* Image */ = {
			isa = PBXGroup;
			children = (
				96105DCB21873130003E3D60 /* CVDominantColor.swift */,
				96105DCC21873130003E3D60 /* CVMatchingPage.swift */,
				96105DCD21873130003E3D60 /* CVSafeSearchAnnotation.swift */,
				96105DCE21873130003E3D60 /* CVLabel.swift */,
				96105DCF21873130003E3D60 /* CVWebEntity.swift */,
				96105DD021873130003E3D60 /* CVWebDetection.swift */,
				96105DD121873130003E3D60 /* CVTextAnnotation.swift */,
			);
			path = Image;
			sourceTree = "<group>";
		};
		96105DD421873130003E3D60 /* Voice */ = {
			isa = PBXGroup;
			children = (
				96105DD521873130003E3D60 /* CSConfidence.swift */,
			);
			path = Voice;
			sourceTree = "<group>";
		};
		96105DDA21873130003E3D60 /* SocialAPIs */ = {
			isa = PBXGroup;
			children = (
				96105DDB21873130003E3D60 /* TwitterAPI.swift */,
			);
			path = SocialAPIs;
			sourceTree = "<group>";
		};
		96105DDD21873130003E3D60 /* ViewControllers */ = {
			isa = PBXGroup;
			children = (
				96105DDE21873130003E3D60 /* Products */,
				96105DE021873130003E3D60 /* Trend */,
				96105DE421873130003E3D60 /* Tab */,
				96105DE621873130003E3D60 /* Locations */,
				96105DF321873130003E3D60 /* LoginViewController.swift */,
				96105DF421873130003E3D60 /* MenuViewController.swift */,
				96105DF521873130003E3D60 /* Base */,
			);
			path = ViewControllers;
			sourceTree = "<group>";
		};
		96105DDE21873130003E3D60 /* Products */ = {
			isa = PBXGroup;
			children = (
				96105DDF21873130003E3D60 /* PerformancesVC.swift */,
			);
			path = Products;
			sourceTree = "<group>";
		};
		96105DE021873130003E3D60 /* Trend */ = {
			isa = PBXGroup;
			children = (
				96105DE121873130003E3D60 /* SearchTimelineVC.swift */,
				96105DE221873130003E3D60 /* TrendingVC.swift */,
				96105DE321873130003E3D60 /* LocTrendingVC.swift */,
			);
			path = Trend;
			sourceTree = "<group>";
		};
		96105DE421873130003E3D60 /* Tab */ = {
			isa = PBXGroup;
			children = (
				96105DE521873130003E3D60 /* TabController.swift */,
			);
			path = Tab;
			sourceTree = "<group>";
		};
		96105DE621873130003E3D60 /* Locations */ = {
			isa = PBXGroup;
			children = (
				96105DE721873130003E3D60 /* AvailableLocationsVC.swift */,
			);
			path = Locations;
			sourceTree = "<group>";
		};
		96105DF521873130003E3D60 /* Base */ = {
			isa = PBXGroup;
			children = (
				96105DF621873130003E3D60 /* InputViewController.swift */,
				96105DF721873130003E3D60 /* TWBaseViewController.swift */,
			);
			path = Base;
			sourceTree = "<group>";
		};
		96105DF821873130003E3D60 /* Resource */ = {
			isa = PBXGroup;
			children = (
				96105DF921873130003E3D60 /* deepsocial-key.json */,
				96105DFA21873130003E3D60 /* youve-been-a-very-good.wav */,
				96105DFB21873130003E3D60 /* JsonSample.swift */,
				96105DFC21873130003E3D60 /* bus.jpg */,
			);
			path = Resource;
			sourceTree = "<group>";
		};
		96105DFD21873130003E3D60 /* Views */ = {
			isa = PBXGroup;
			children = (
				96105DFE21873130003E3D60 /* CollectionCell */,
				96105E0021873130003E3D60 /* TabButton */,
				96105E0221873130003E3D60 /* LoaddingView */,
				96105E0521873130003E3D60 /* TableViewCell */,
				96105E1621873130003E3D60 /* ExtensionUIButton */,
			);
			path = Views;
			sourceTree = "<group>";
		};
		96105DFE21873130003E3D60 /* CollectionCell */ = {
			isa = PBXGroup;
			children = (
				96105DFF21873130003E3D60 /* LocationCell.swift */,
			);
			path = CollectionCell;
			sourceTree = "<group>";
		};
		96105E0021873130003E3D60 /* TabButton */ = {
			isa = PBXGroup;
			children = (
				96105E0121873130003E3D60 /* TabButton.swift */,
			);
			path = TabButton;
			sourceTree = "<group>";
		};
		96105E0221873130003E3D60 /* LoaddingView */ = {
			isa = PBXGroup;
			children = (
				96105E0321873130003E3D60 /* LoadingView.xib */,
				96105E0421873130003E3D60 /* LoadingView.swift */,
			);
			path = LoaddingView;
			sourceTree = "<group>";
		};
		96105E0521873130003E3D60 /* TableViewCell */ = {
			isa = PBXGroup;
			children = (
				96105E0621873130003E3D60 /* ConfidenceCell.xib */,
				96105E0721873130003E3D60 /* EntitySentimentCell.xib */,
				96105E0821873130003E3D60 /* UserInputCell.xib */,
				96105E0921873130003E3D60 /* CVWebCell.xib */,
				96105E0A21873130003E3D60 /* CVWebCell.swift */,
				96105E0B21873130003E3D60 /* DetectedTextCell.swift */,
				96105E0C21873130003E3D60 /* DetectedTextCell.xib */,
				96105E0D21873130003E3D60 /* UserInputCell.swift */,
				96105E0E21873130003E3D60 /* ConfidenceCell.swift */,
				96105E0F21873130003E3D60 /* EntityCell.swift */,
				96105E1021873130003E3D60 /* CVLabelCell.xib */,
				96105E1121873130003E3D60 /* CVLabelCell.swift */,
				96105E1221873130003E3D60 /* EntityCell.xib */,
				96105E1321873130003E3D60 /* SentenceCell.xib */,
				96105E1421873130003E3D60 /* EntitySentimentCell.swift */,
				96105E1521873130003E3D60 /* SentenceCell.swift */,
			);
			path = TableViewCell;
			sourceTree = "<group>";
		};
		96105E1621873130003E3D60 /* ExtensionUIButton */ = {
			isa = PBXGroup;
			children = (
				96105E1721873130003E3D60 /* ButtonWithImageAndTitleExtension.swift */,
			);
			path = ExtensionUIButton;
			sourceTree = "<group>";
		};
		9635A8F1217F81D000474C3F = {
			isa = PBXGroup;
			children = (
				9635A8FC217F81D000474C3F /* TrendsAI */,
				9635A8FB217F81D000474C3F /* Products */,
				CEED4445592BFA4F07A5A4D9 /* Pods */,
				65F81DDEF141973910CD959E /* Frameworks */,
			);
			sourceTree = "<group>";
		};
		9635A8FB217F81D000474C3F /* Products */ = {
			isa = PBXGroup;
			children = (
				9635A8FA217F81D000474C3F /* TrendsAI.app */,
			);
			name = Products;
			sourceTree = "<group>";
		};
		9635A8FC217F81D000474C3F /* TrendsAI */ = {
			isa = PBXGroup;
			children = (
				96105DAF21873130003E3D60 /* SourceCode */,
				9635A8FD217F81D000474C3F /* AppDelegate.swift */,
				9635A8FF217F81D000474C3F /* ViewController.swift */,
				9635A904217F81D200474C3F /* Assets.xcassets */,
				9635A906217F81D200474C3F /* LaunchScreen.storyboard */,
				962CF35F2180D36B0034B8E1 /* GoogleService-Info.plist */,
				9635A909217F81D200474C3F /* Info.plist */,
			);
			path = TrendsAI;
			sourceTree = "<group>";
		};
		CEED4445592BFA4F07A5A4D9 /* Pods */ = {
			isa = PBXGroup;
			children = (
				9A3AB64EAA29898CD51EECB8 /* Pods-TrendsAI.debug.xcconfig */,
				A9669917A4ED3A1B28B673B6 /* Pods-TrendsAI.release.xcconfig */,
			);
			name = Pods;
			sourceTree = "<group>";
		};
/* End PBXGroup section */

/* Begin PBXNativeTarget section */
		9635A8F9217F81D000474C3F /* TrendsAI */ = {
			isa = PBXNativeTarget;
			buildConfigurationList = 9635A90C217F81D200474C3F /* Build configuration list for PBXNativeTarget "TrendsAI" */;
			buildPhases = (
				FC2B93258472B7B62AB8766C /* [CP] Check Pods Manifest.lock */,
				9635A8F6217F81D000474C3F /* Sources */,
				9635A8F7217F81D000474C3F /* Frameworks */,
				9635A8F8217F81D000474C3F /* Resources */,
				F98BDF81165F9D3A0E05E23E /* [CP] Embed Pods Frameworks */,
				53809B38D66F38F027B0443D /* [CP] Copy Pods Resources */,
				96105E6821875AE2003E3D60 /* Carthage Script */,
				96105E6C21875B36003E3D60 /* Embed Frameworks */,
			);
			buildRules = (
			);
			dependencies = (
			);
			name = TrendsAI;
			productName = TrendsAI;
			productReference = 9635A8FA217F81D000474C3F /* TrendsAI.app */;
			productType = "com.apple.product-type.application";
		};
/* End PBXNativeTarget section */

/* Begin PBXProject section */
		9635A8F2217F81D000474C3F /* Project object */ = {
			isa = PBXProject;
			attributes = {
				LastSwiftUpdateCheck = 1000;
				LastUpgradeCheck = 1000;
				ORGANIZATIONNAME = Benjamin;
				TargetAttributes = {
					9635A8F9217F81D000474C3F = {
						CreatedOnToolsVersion = 10.0;
					};
				};
			};
			buildConfigurationList = 9635A8F5217F81D000474C3F /* Build configuration list for PBXProject "TrendsAI" */;
			compatibilityVersion = "Xcode 9.3";
			developmentRegion = en;
			hasScannedForEncodings = 0;
			knownRegions = (
				en,
				Base,
			);
			mainGroup = 9635A8F1217F81D000474C3F;
			productRefGroup = 9635A8FB217F81D000474C3F /* Products */;
			projectDirPath = "";
			projectRoot = "";
			targets = (
				9635A8F9217F81D000474C3F /* TrendsAI */,
			);
		};
/* End PBXProject section */

/* Begin PBXResourcesBuildPhase section */
		9635A8F8217F81D000474C3F /* Resources */ = {
			isa = PBXResourcesBuildPhase;
			buildActionMask = 2147483647;
			files = (
				96105E6321873131003E3D60 /* EntityCell.xib in Resources */,
				96105E6121873131003E3D60 /* CVLabelCell.xib in Resources */,
				96105E5A21873131003E3D60 /* CVWebCell.xib in Resources */,
				96105E5221873131003E3D60 /* bus.jpg in Resources */,
				96105E5921873131003E3D60 /* UserInputCell.xib in Resources */,
				96105E1B21873130003E3D60 /* Menu.storyboard in Resources */,
				9635A908217F81D200474C3F /* LaunchScreen.storyboard in Resources */,
				96105E5021873131003E3D60 /* youve-been-a-very-good.wav in Resources */,
				96105E5D21873131003E3D60 /* DetectedTextCell.xib in Resources */,
				96105E1C21873130003E3D60 /* Login.storyboard in Resources */,
				96105E4F21873131003E3D60 /* deepsocial-key.json in Resources */,
				96A153AF2187DE6500BF5F82 /* Main.storyboard in Resources */,
				96105E1E21873130003E3D60 /* Inputs.storyboard in Resources */,
				96105E6421873131003E3D60 /* SentenceCell.xib in Resources */,
				962CF3602180D36B0034B8E1 /* GoogleService-Info.plist in Resources */,
				9635A905217F81D200474C3F /* Assets.xcassets in Resources */,
				96105E5521873131003E3D60 /* LoadingView.xib in Resources */,
				96105E5821873131003E3D60 /* EntitySentimentCell.xib in Resources */,
				96105E5721873131003E3D60 /* ConfidenceCell.xib in Resources */,
				96105E1D21873130003E3D60 /* Tabbar.storyboard in Resources */,
			);
			runOnlyForDeploymentPostprocessing = 0;
		};
/* End PBXResourcesBuildPhase section */

/* Begin PBXShellScriptBuildPhase section */
		53809B38D66F38F027B0443D /* [CP] Copy Pods Resources */ = {
			isa = PBXShellScriptBuildPhase;
			buildActionMask = 2147483647;
			files = (
			);
			inputFileListPaths = (
			);
			inputPaths = (
				"${SRCROOT}/Pods/Target Support Files/Pods-TrendsAI/Pods-TrendsAI-resources.sh",
				"${PODS_CONFIGURATION_BUILD_DIR}/FirebaseUI/FirebaseAuthUI.bundle",
				"${PODS_CONFIGURATION_BUILD_DIR}/FirebaseUI/FirebaseTwitterAuthUI.bundle",
				"${PODS_ROOT}/TwitterKit/iOS/TwitterKit.framework/TwitterKitResources.bundle",
			);
			name = "[CP] Copy Pods Resources";
			outputFileListPaths = (
			);
			outputPaths = (
				"${TARGET_BUILD_DIR}/${UNLOCALIZED_RESOURCES_FOLDER_PATH}/FirebaseAuthUI.bundle",
				"${TARGET_BUILD_DIR}/${UNLOCALIZED_RESOURCES_FOLDER_PATH}/FirebaseTwitterAuthUI.bundle",
				"${TARGET_BUILD_DIR}/${UNLOCALIZED_RESOURCES_FOLDER_PATH}/TwitterKitResources.bundle",
			);
			runOnlyForDeploymentPostprocessing = 0;
			shellPath = /bin/sh;
			shellScript = "\"${SRCROOT}/Pods/Target Support Files/Pods-TrendsAI/Pods-TrendsAI-resources.sh\"\n";
			showEnvVarsInLog = 0;
		};
		96105E6821875AE2003E3D60 /* Carthage Script */ = {
			isa = PBXShellScriptBuildPhase;
			buildActionMask = 2147483647;
			files = (
			);
			inputFileListPaths = (
			);
			inputPaths = (
				"$(SRCROOT)/Carthage/Build/iOS/TTGTagCollectionView.framework",
			);
			name = "Carthage Script";
			outputFileListPaths = (
			);
			outputPaths = (
			);
			runOnlyForDeploymentPostprocessing = 0;
			shellPath = /bin/sh;
			shellScript = "# Type a script or drag a script file from your workspace to insert its path.\n/usr/local/bin/carthage copy-frameworks\n";
		};
		F98BDF81165F9D3A0E05E23E /* [CP] Embed Pods Frameworks */ = {
			isa = PBXShellScriptBuildPhase;
			buildActionMask = 2147483647;
			files = (
			);
			inputFileListPaths = (
			);
			inputPaths = (
				"${SRCROOT}/Pods/Target Support Files/Pods-TrendsAI/Pods-TrendsAI-frameworks.sh",
				"${BUILT_PRODUCTS_DIR}/GTMSessionFetcher/GTMSessionFetcher.framework",
				"${BUILT_PRODUCTS_DIR}/GoogleUtilities/GoogleUtilities.framework",
				"${BUILT_PRODUCTS_DIR}/RxCocoa/RxCocoa.framework",
				"${BUILT_PRODUCTS_DIR}/RxSwift/RxSwift.framework",
				"${BUILT_PRODUCTS_DIR}/SideMenu/SideMenu.framework",
				"${BUILT_PRODUCTS_DIR}/SnapKit/SnapKit.framework",
				"${PODS_ROOT}/TwitterCore/iOS/TwitterCore.framework",
				"${PODS_ROOT}/TwitterKit/iOS/TwitterKit.framework",
				"${BUILT_PRODUCTS_DIR}/nanopb/nanopb.framework",
			);
			name = "[CP] Embed Pods Frameworks";
			outputFileListPaths = (
			);
			outputPaths = (
				"${TARGET_BUILD_DIR}/${FRAMEWORKS_FOLDER_PATH}/GTMSessionFetcher.framework",
				"${TARGET_BUILD_DIR}/${FRAMEWORKS_FOLDER_PATH}/GoogleUtilities.framework",
				"${TARGET_BUILD_DIR}/${FRAMEWORKS_FOLDER_PATH}/RxCocoa.framework",
				"${TARGET_BUILD_DIR}/${FRAMEWORKS_FOLDER_PATH}/RxSwift.framework",
				"${TARGET_BUILD_DIR}/${FRAMEWORKS_FOLDER_PATH}/SideMenu.framework",
				"${TARGET_BUILD_DIR}/${FRAMEWORKS_FOLDER_PATH}/SnapKit.framework",
				"${TARGET_BUILD_DIR}/${FRAMEWORKS_FOLDER_PATH}/TwitterCore.framework",
				"${TARGET_BUILD_DIR}/${FRAMEWORKS_FOLDER_PATH}/TwitterKit.framework",
				"${TARGET_BUILD_DIR}/${FRAMEWORKS_FOLDER_PATH}/nanopb.framework",
			);
			runOnlyForDeploymentPostprocessing = 0;
			shellPath = /bin/sh;
			shellScript = "\"${SRCROOT}/Pods/Target Support Files/Pods-TrendsAI/Pods-TrendsAI-frameworks.sh\"\n";
			showEnvVarsInLog = 0;
		};
		FC2B93258472B7B62AB8766C /* [CP] Check Pods Manifest.lock */ = {
			isa = PBXShellScriptBuildPhase;
			buildActionMask = 2147483647;
			files = (
			);
			inputFileListPaths = (
			);
			inputPaths = (
				"${PODS_PODFILE_DIR_PATH}/Podfile.lock",
				"${PODS_ROOT}/Manifest.lock",
			);
			name = "[CP] Check Pods Manifest.lock";
			outputFileListPaths = (
			);
			outputPaths = (
				"$(DERIVED_FILE_DIR)/Pods-TrendsAI-checkManifestLockResult.txt",
			);
			runOnlyForDeploymentPostprocessing = 0;
			shellPath = /bin/sh;
			shellScript = "diff \"${PODS_PODFILE_DIR_PATH}/Podfile.lock\" \"${PODS_ROOT}/Manifest.lock\" > /dev/null\nif [ $? != 0 ] ; then\n    # print error to STDERR\n    echo \"error: The sandbox is not in sync with the Podfile.lock. Run 'pod install' or update your CocoaPods installation.\" >&2\n    exit 1\nfi\n# This output is used by Xcode 'outputs' to avoid re-running this script phase.\necho \"SUCCESS\" > \"${SCRIPT_OUTPUT_FILE_0}\"\n";
			showEnvVarsInLog = 0;
		};
/* End PBXShellScriptBuildPhase section */

/* Begin PBXSourcesBuildPhase section */
		9635A8F6217F81D000474C3F /* Sources */ = {
			isa = PBXSourcesBuildPhase;
			buildActionMask = 2147483647;
			files = (
				96105E2E21873130003E3D60 /* CVSafeSearchAnnotation.swift in Sources */,
				96105E2A21873130003E3D60 /* EntitiesSection.swift in Sources */,
				96105E6021873131003E3D60 /* EntityCell.swift in Sources */,
				96105E6521873131003E3D60 /* EntitySentimentCell.swift in Sources */,
				9635A900217F81D000474C3F /* ViewController.swift in Sources */,
				96105E3321873130003E3D60 /* NLEntity.swift in Sources */,
				96105E5F21873131003E3D60 /* ConfidenceCell.swift in Sources */,
				96105E5621873131003E3D60 /* LoadingView.swift in Sources */,
				96105E2721873130003E3D60 /* TWLocation.swift in Sources */,
				96105E5421873131003E3D60 /* TabButton.swift in Sources */,
				96105E2321873130003E3D60 /* UIImage+Rx.swift in Sources */,
				96105E3E21873130003E3D60 /* TrendingVC.swift in Sources */,
				96105E3421873130003E3D60 /* Response.swift in Sources */,
				96105E2421873130003E3D60 /* Ex-FIRUserInfo.swift in Sources */,
				96105E5C21873131003E3D60 /* DetectedTextCell.swift in Sources */,
				96105E4B21873130003E3D60 /* LoginViewController.swift in Sources */,
				96105E2521873130003E3D60 /* ProviderInfor.swift in Sources */,
				96105E1A21873130003E3D60 /* LocalCoordinator.swift in Sources */,
				96105E2021873130003E3D60 /* EntitySection.swift in Sources */,
				96105E1921873130003E3D60 /* APICoordinator.swift in Sources */,
				96105E4121873130003E3D60 /* AvailableLocationsVC.swift in Sources */,
				96105E3221873130003E3D60 /* CVTextAnnotation.swift in Sources */,
				96105E4D21873130003E3D60 /* InputViewController.swift in Sources */,
				96105E6221873131003E3D60 /* CVLabelCell.swift in Sources */,
				96105E2F21873130003E3D60 /* CVLabel.swift in Sources */,
				96105E3721873130003E3D60 /* NLCategory.swift in Sources */,
				96105E5321873131003E3D60 /* LocationCell.swift in Sources */,
				96105E4021873130003E3D60 /* TabController.swift in Sources */,
				96105E2821873130003E3D60 /* NLError.swift in Sources */,
				96105E6621873131003E3D60 /* SentenceCell.swift in Sources */,
				96105E1821873130003E3D60 /* RouteCoordinator.swift in Sources */,
				96105E2121873130003E3D60 /* DSErrors.swift in Sources */,
				96105E3821873130003E3D60 /* eNum.swift in Sources */,
				96105E3021873130003E3D60 /* CVWebEntity.swift in Sources */,
				96105E6721873131003E3D60 /* ButtonWithImageAndTitleExtension.swift in Sources */,
				96105E3621873130003E3D60 /* NLSentence.swift in Sources */,
				96105E2C21873130003E3D60 /* CVDominantColor.swift in Sources */,
				96105E3121873130003E3D60 /* CVWebDetection.swift in Sources */,
				96105E5121873131003E3D60 /* JsonSample.swift in Sources */,
				96105E3F21873130003E3D60 /* LocTrendingVC.swift in Sources */,
				96105E2D21873130003E3D60 /* CVMatchingPage.swift in Sources */,
				96105E4E21873130003E3D60 /* TWBaseViewController.swift in Sources */,
				96105E5B21873131003E3D60 /* CVWebCell.swift in Sources */,
				96105E3C21873130003E3D60 /* PerformancesVC.swift in Sources */,
				96105E3A21873130003E3D60 /* TwitterAPI.swift in Sources */,
				96105E1F21873130003E3D60 /* Common.swift in Sources */,
				96105E3D21873130003E3D60 /* SearchTimelineVC.swift in Sources */,
				96105E4C21873130003E3D60 /* MenuViewController.swift in Sources */,
				9635A8FE217F81D000474C3F /* AppDelegate.swift in Sources */,
				96105E2921873130003E3D60 /* NLSentiment.swift in Sources */,
				96105E3521873130003E3D60 /* CSConfidence.swift in Sources */,
				96105E2221873130003E3D60 /* FeatureItem.swift in Sources */,
				96105E2621873130003E3D60 /* TWTrend.swift in Sources */,
				96105E5E21873131003E3D60 /* UserInputCell.swift in Sources */,
				96105E3921873130003E3D60 /* Attribute.swift in Sources */,
			);
			runOnlyForDeploymentPostprocessing = 0;
		};
/* End PBXSourcesBuildPhase section */

/* Begin PBXVariantGroup section */
		9635A906217F81D200474C3F /* LaunchScreen.storyboard */ = {
			isa = PBXVariantGroup;
			children = (
				9635A907217F81D200474C3F /* Base */,
			);
			name = LaunchScreen.storyboard;
			sourceTree = "<group>";
		};
/* End PBXVariantGroup section */

/* Begin XCBuildConfiguration section */
		9635A90A217F81D200474C3F /* Debug */ = {
			isa = XCBuildConfiguration;
			buildSettings = {
				ALWAYS_SEARCH_USER_PATHS = NO;
				CLANG_ANALYZER_NONNULL = YES;
				CLANG_ANALYZER_NUMBER_OBJECT_CONVERSION = YES_AGGRESSIVE;
				CLANG_CXX_LANGUAGE_STANDARD = "gnu++14";
				CLANG_CXX_LIBRARY = "libc++";
				CLANG_ENABLE_MODULES = YES;
				CLANG_ENABLE_OBJC_ARC = YES;
				CLANG_ENABLE_OBJC_WEAK = YES;
				CLANG_WARN_BLOCK_CAPTURE_AUTORELEASING = YES;
				CLANG_WARN_BOOL_CONVERSION = YES;
				CLANG_WARN_COMMA = YES;
				CLANG_WARN_CONSTANT_CONVERSION = YES;
				CLANG_WARN_DEPRECATED_OBJC_IMPLEMENTATIONS = YES;
				CLANG_WARN_DIRECT_OBJC_ISA_USAGE = YES_ERROR;
				CLANG_WARN_DOCUMENTATION_COMMENTS = YES;
				CLANG_WARN_EMPTY_BODY = YES;
				CLANG_WARN_ENUM_CONVERSION = YES;
				CLANG_WARN_INFINITE_RECURSION = YES;
				CLANG_WARN_INT_CONVERSION = YES;
				CLANG_WARN_NON_LITERAL_NULL_CONVERSION = YES;
				CLANG_WARN_OBJC_IMPLICIT_RETAIN_SELF = YES;
				CLANG_WARN_OBJC_LITERAL_CONVERSION = YES;
				CLANG_WARN_OBJC_ROOT_CLASS = YES_ERROR;
				CLANG_WARN_RANGE_LOOP_ANALYSIS = YES;
				CLANG_WARN_STRICT_PROTOTYPES = YES;
				CLANG_WARN_SUSPICIOUS_MOVE = YES;
				CLANG_WARN_UNGUARDED_AVAILABILITY = YES_AGGRESSIVE;
				CLANG_WARN_UNREACHABLE_CODE = YES;
				CLANG_WARN__DUPLICATE_METHOD_MATCH = YES;
				CODE_SIGN_IDENTITY = "iPhone Developer";
				COPY_PHASE_STRIP = NO;
				DEBUG_INFORMATION_FORMAT = dwarf;
				ENABLE_STRICT_OBJC_MSGSEND = YES;
				ENABLE_TESTABILITY = YES;
				GCC_C_LANGUAGE_STANDARD = gnu11;
				GCC_DYNAMIC_NO_PIC = NO;
				GCC_NO_COMMON_BLOCKS = YES;
				GCC_OPTIMIZATION_LEVEL = 0;
				GCC_PREPROCESSOR_DEFINITIONS = (
					"DEBUG=1",
					"$(inherited)",
				);
				GCC_WARN_64_TO_32_BIT_CONVERSION = YES;
				GCC_WARN_ABOUT_RETURN_TYPE = YES_ERROR;
				GCC_WARN_UNDECLARED_SELECTOR = YES;
				GCC_WARN_UNINITIALIZED_AUTOS = YES_AGGRESSIVE;
				GCC_WARN_UNUSED_FUNCTION = YES;
				GCC_WARN_UNUSED_VARIABLE = YES;
				IPHONEOS_DEPLOYMENT_TARGET = 12.0;
				MTL_ENABLE_DEBUG_INFO = INCLUDE_SOURCE;
				MTL_FAST_MATH = YES;
				ONLY_ACTIVE_ARCH = YES;
				SDKROOT = iphoneos;
				SWIFT_ACTIVE_COMPILATION_CONDITIONS = DEBUG;
				SWIFT_OPTIMIZATION_LEVEL = "-Onone";
			};
			name = Debug;
		};
		9635A90B217F81D200474C3F /* Release */ = {
			isa = XCBuildConfiguration;
			buildSettings = {
				ALWAYS_SEARCH_USER_PATHS = NO;
				CLANG_ANALYZER_NONNULL = YES;
				CLANG_ANALYZER_NUMBER_OBJECT_CONVERSION = YES_AGGRESSIVE;
				CLANG_CXX_LANGUAGE_STANDARD = "gnu++14";
				CLANG_CXX_LIBRARY = "libc++";
				CLANG_ENABLE_MODULES = YES;
				CLANG_ENABLE_OBJC_ARC = YES;
				CLANG_ENABLE_OBJC_WEAK = YES;
				CLANG_WARN_BLOCK_CAPTURE_AUTORELEASING = YES;
				CLANG_WARN_BOOL_CONVERSION = YES;
				CLANG_WARN_COMMA = YES;
				CLANG_WARN_CONSTANT_CONVERSION = YES;
				CLANG_WARN_DEPRECATED_OBJC_IMPLEMENTATIONS = YES;
				CLANG_WARN_DIRECT_OBJC_ISA_USAGE = YES_ERROR;
				CLANG_WARN_DOCUMENTATION_COMMENTS = YES;
				CLANG_WARN_EMPTY_BODY = YES;
				CLANG_WARN_ENUM_CONVERSION = YES;
				CLANG_WARN_INFINITE_RECURSION = YES;
				CLANG_WARN_INT_CONVERSION = YES;
				CLANG_WARN_NON_LITERAL_NULL_CONVERSION = YES;
				CLANG_WARN_OBJC_IMPLICIT_RETAIN_SELF = YES;
				CLANG_WARN_OBJC_LITERAL_CONVERSION = YES;
				CLANG_WARN_OBJC_ROOT_CLASS = YES_ERROR;
				CLANG_WARN_RANGE_LOOP_ANALYSIS = YES;
				CLANG_WARN_STRICT_PROTOTYPES = YES;
				CLANG_WARN_SUSPICIOUS_MOVE = YES;
				CLANG_WARN_UNGUARDED_AVAILABILITY = YES_AGGRESSIVE;
				CLANG_WARN_UNREACHABLE_CODE = YES;
				CLANG_WARN__DUPLICATE_METHOD_MATCH = YES;
				CODE_SIGN_IDENTITY = "iPhone Developer";
				COPY_PHASE_STRIP = NO;
				DEBUG_INFORMATION_FORMAT = "dwarf-with-dsym";
				ENABLE_NS_ASSERTIONS = NO;
				ENABLE_STRICT_OBJC_MSGSEND = YES;
				GCC_C_LANGUAGE_STANDARD = gnu11;
				GCC_NO_COMMON_BLOCKS = YES;
				GCC_WARN_64_TO_32_BIT_CONVERSION = YES;
				GCC_WARN_ABOUT_RETURN_TYPE = YES_ERROR;
				GCC_WARN_UNDECLARED_SELECTOR = YES;
				GCC_WARN_UNINITIALIZED_AUTOS = YES_AGGRESSIVE;
				GCC_WARN_UNUSED_FUNCTION = YES;
				GCC_WARN_UNUSED_VARIABLE = YES;
				IPHONEOS_DEPLOYMENT_TARGET = 12.0;
				MTL_ENABLE_DEBUG_INFO = NO;
				MTL_FAST_MATH = YES;
				SDKROOT = iphoneos;
				SWIFT_COMPILATION_MODE = wholemodule;
				SWIFT_OPTIMIZATION_LEVEL = "-O";
				VALIDATE_PRODUCT = YES;
			};
			name = Release;
		};
		9635A90D217F81D200474C3F /* Debug */ = {
			isa = XCBuildConfiguration;
			baseConfigurationReference = 9A3AB64EAA29898CD51EECB8 /* Pods-TrendsAI.debug.xcconfig */;
			buildSettings = {
				ASSETCATALOG_COMPILER_APPICON_NAME = AppIcon;
				CODE_SIGN_STYLE = Automatic;
				DEVELOPMENT_TEAM = MAMNV3RD7K;
				FRAMEWORK_SEARCH_PATHS = (
					"$(inherited)",
					"$(PROJECT_DIR)/Carthage/Build/iOS",
				);
				INFOPLIST_FILE = TrendsAI/Info.plist;
				IPHONEOS_DEPLOYMENT_TARGET = 10.0;
				LD_RUNPATH_SEARCH_PATHS = (
					"$(inherited)",
					"@executable_path/Frameworks",
				);
				PRODUCT_BUNDLE_IDENTIFIER = com.deepsocial.TrendsAI;
				PRODUCT_NAME = "$(TARGET_NAME)";
				SWIFT_OBJC_BRIDGING_HEADER = "$(SRCROOT)/TrendsAI/SourceCode/ObjectiveC_bridging.h";
				SWIFT_VERSION = 4.2;
				TARGETED_DEVICE_FAMILY = "1,2";
			};
			name = Debug;
		};
		9635A90E217F81D200474C3F /* Release */ = {
			isa = XCBuildConfiguration;
			baseConfigurationReference = A9669917A4ED3A1B28B673B6 /* Pods-TrendsAI.release.xcconfig */;
			buildSettings = {
				ASSETCATALOG_COMPILER_APPICON_NAME = AppIcon;
				CODE_SIGN_STYLE = Automatic;
				DEVELOPMENT_TEAM = MAMNV3RD7K;
				FRAMEWORK_SEARCH_PATHS = (
					"$(inherited)",
					"$(PROJECT_DIR)/Carthage/Build/iOS",
				);
				INFOPLIST_FILE = TrendsAI/Info.plist;
				IPHONEOS_DEPLOYMENT_TARGET = 10.0;
				LD_RUNPATH_SEARCH_PATHS = (
					"$(inherited)",
					"@executable_path/Frameworks",
				);
				PRODUCT_BUNDLE_IDENTIFIER = com.deepsocial.TrendsAI;
				PRODUCT_NAME = "$(TARGET_NAME)";
				SWIFT_OBJC_BRIDGING_HEADER = "$(SRCROOT)/TrendsAI/SourceCode/ObjectiveC_bridging.h";
				SWIFT_VERSION = 4.2;
				TARGETED_DEVICE_FAMILY = "1,2";
			};
			name = Release;
		};
/* End XCBuildConfiguration section */

/* Begin XCConfigurationList section */
		9635A8F5217F81D000474C3F /* Build configuration list for PBXProject "TrendsAI" */ = {
			isa = XCConfigurationList;
			buildConfigurations = (
				9635A90A217F81D200474C3F /* Debug */,
				9635A90B217F81D200474C3F /* Release */,
			);
			defaultConfigurationIsVisible = 0;
			defaultConfigurationName = Release;
		};
		9635A90C217F81D200474C3F /* Build configuration list for PBXNativeTarget "TrendsAI" */ = {
			isa = XCConfigurationList;
			buildConfigurations = (
				9635A90D217F81D200474C3F /* Debug */,
				9635A90E217F81D200474C3F /* Release */,
			);
			defaultConfigurationIsVisible = 0;
			defaultConfigurationName = Release;
		};
/* End XCConfigurationList section */
	};
	rootObject = 9635A8F2217F81D000474C3F /* Project object */;
}
